// !$*UTF8*$!
{
	archiveVersion = 1;
	classes = {
	};
	objectVersion = 46;
	objects = {

/* Begin PBXAggregateTarget section */
		03DB20FB1621798800CF4299 /* SmoothMouseBuild */ = {
			isa = PBXAggregateTarget;
			buildConfigurationList = 03DB20FC1621798800CF4299 /* Build configuration list for PBXAggregateTarget "SmoothMouseBuild" */;
			buildPhases = (
				134A3F6917266D69003E00A2 /* ShellScript */,
			);
			dependencies = (
				03FCEC5216BFE4DB00F35E4A /* PBXTargetDependency */,
				03DB21001621799400CF4299 /* PBXTargetDependency */,
				03DB21041621799700CF4299 /* PBXTargetDependency */,
				03F6A078180AFCD700C2EB03 /* PBXTargetDependency */,
			);
			name = SmoothMouseBuild;
			productName = SmoothMouseBuild;
		};
/* End PBXAggregateTarget section */

/* Begin PBXBuildFile section */
		031386A91628B36000A04755 /* UrlLabel.h in Headers */ = {isa = PBXBuildFile; fileRef = 031386A71628B36000A04755 /* UrlLabel.h */; };
		031386AA1628B36000A04755 /* UrlLabel.m in Sources */ = {isa = PBXBuildFile; fileRef = 031386A81628B36000A04755 /* UrlLabel.m */; };
		03193FE516BFAC41008FE899 /* Cocoa.framework in Frameworks */ = {isa = PBXBuildFile; fileRef = ED0E121914D5495F008704EC /* Cocoa.framework */; };
		03193FEB16BFAC41008FE899 /* InfoPlist.strings in Resources */ = {isa = PBXBuildFile; fileRef = 03193FE916BFAC41008FE899 /* InfoPlist.strings */; };
		03193FED16BFAC41008FE899 /* main.m in Sources */ = {isa = PBXBuildFile; fileRef = 03193FEC16BFAC41008FE899 /* main.m */; };
		03193FF116BFAC41008FE899 /* Credits.rtf in Resources */ = {isa = PBXBuildFile; fileRef = 03193FEF16BFAC41008FE899 /* Credits.rtf */; };
		03193FF416BFAC41008FE899 /* AppDelegate.mm in Sources */ = {isa = PBXBuildFile; fileRef = 03193FF316BFAC41008FE899 /* AppDelegate.mm */; };
		0319400316BFB510008FE899 /* SystemMouseAcceleration.mm in Sources */ = {isa = PBXBuildFile; fileRef = 03193FFD16BFB510008FE899 /* SystemMouseAcceleration.mm */; };
		0319400416BFB510008FE899 /* Daemon.mm in Sources */ = {isa = PBXBuildFile; fileRef = 03193FFE16BFB510008FE899 /* Daemon.mm */; };
		0319400516BFB510008FE899 /* debug.mm in Sources */ = {isa = PBXBuildFile; fileRef = 0319400016BFB510008FE899 /* debug.mm */; };
		0319400616BFB510008FE899 /* mouse.mm in Sources */ = {isa = PBXBuildFile; fileRef = 0319400216BFB510008FE899 /* mouse.mm */; };
		0319400916BFB612008FE899 /* IOKit.framework in Frameworks */ = {isa = PBXBuildFile; fileRef = 0319400816BFB612008FE899 /* IOKit.framework */; };
		0319400F16BFB637008FE899 /* OSXFunction.cpp in Sources */ = {isa = PBXBuildFile; fileRef = 0319400B16BFB637008FE899 /* OSXFunction.cpp */; };
		0319401016BFB637008FE899 /* WindowsFunction.cpp in Sources */ = {isa = PBXBuildFile; fileRef = 0319400D16BFB637008FE899 /* WindowsFunction.cpp */; };
		031F7843171AA0CF00752C43 /* OverlayWindow.mm in Sources */ = {isa = PBXBuildFile; fileRef = 031F7842171AA0CF00752C43 /* OverlayWindow.mm */; };
		031F7846171AD33700752C43 /* OverlayView.mm in Sources */ = {isa = PBXBuildFile; fileRef = 031F7845171AD33700752C43 /* OverlayView.mm */; };
		03319D6F1722E7BC00668B93 /* InterruptListener.mm in Sources */ = {isa = PBXBuildFile; fileRef = 03319D6E1722E7BB00668B93 /* InterruptListener.mm */; };
		03319D73172307FE00668B93 /* MouseEventListener.mm in Sources */ = {isa = PBXBuildFile; fileRef = 03319D72172307FE00668B93 /* MouseEventListener.mm */; };
		033933C11724214F0052C43D /* DriverEventLog.mm in Sources */ = {isa = PBXBuildFile; fileRef = 033933C01724214F0052C43D /* DriverEventLog.mm */; };
		033CB660170771D000D6B1DC /* driver.mm in Sources */ = {isa = PBXBuildFile; fileRef = 033CB65F170771D000D6B1DC /* driver.mm */; };
		0341D0C0170CA67000D24E08 /* Carbon.framework in Frameworks */ = {isa = PBXBuildFile; fileRef = 0341D0BF170CA67000D24E08 /* Carbon.framework */; };
		034215B41631F2BA0047E370 /* uninstall.sh in Resources */ = {isa = PBXBuildFile; fileRef = 03D020D41631F22A00CD04C1 /* uninstall.sh */; };
		035222F116C0492E00DBE092 /* MouseSupervisor.mm in Sources */ = {isa = PBXBuildFile; fileRef = 035222F016C0492E00DBE092 /* MouseSupervisor.mm */; };
		03628254170481F000C2E371 /* Prio.mm in Sources */ = {isa = PBXBuildFile; fileRef = 03628253170481F000C2E371 /* Prio.mm */; };
		036E3EF11637066600887DCE /* Security.framework in Frameworks */ = {isa = PBXBuildFile; fileRef = 036E3EF01637066600887DCE /* Security.framework */; };
		03758F0017089405003E066D /* mach_timebase_util.mm in Sources */ = {isa = PBXBuildFile; fileRef = 03758EFF17089405003E066D /* mach_timebase_util.mm */; };
		03A3401B1709CF0300B4A1D8 /* Config.mm in Sources */ = {isa = PBXBuildFile; fileRef = 03A3401A1709CF0300B4A1D8 /* Config.mm */; };
		03BA2100161F757D0014A74E /* dsa_pub.pem in Resources */ = {isa = PBXBuildFile; fileRef = 03BA20FF161F757D0014A74E /* dsa_pub.pem */; };
		03D020BD1631D0DA00CD04C1 /* Credits.rtf in Resources */ = {isa = PBXBuildFile; fileRef = 03D020BC1631D0DA00CD04C1 /* Credits.rtf */; };
		03DB20C11620CB5900CF4299 /* Cocoa.framework in Frameworks */ = {isa = PBXBuildFile; fileRef = ED0E121914D5495F008704EC /* Cocoa.framework */; };
		03DB20C71620CB5900CF4299 /* InfoPlist.strings in Resources */ = {isa = PBXBuildFile; fileRef = 03DB20C51620CB5900CF4299 /* InfoPlist.strings */; };
		03DB20C91620CB5900CF4299 /* main.m in Sources */ = {isa = PBXBuildFile; fileRef = 03DB20C81620CB5900CF4299 /* main.m */; };
		03DB20D01620CB5900CF4299 /* AppDelegate.m in Sources */ = {isa = PBXBuildFile; fileRef = 03DB20CF1620CB5900CF4299 /* AppDelegate.m */; };
		03DB5DC0180AD27700C9F54B /* FRFeedbackReporter.sh in Resources */ = {isa = PBXBuildFile; fileRef = 03DB5DBF180AD27700C9F54B /* FRFeedbackReporter.sh */; };
		03E6F25316999C9300FBDBD6 /* VersionLabel.h in Headers */ = {isa = PBXBuildFile; fileRef = 03E6F25116999C9300FBDBD6 /* VersionLabel.h */; };
		03E6F25416999C9300FBDBD6 /* VersionLabel.m in Sources */ = {isa = PBXBuildFile; fileRef = 03E6F25216999C9300FBDBD6 /* VersionLabel.m */; };
		03F3CBB416220E0700D9A857 /* Sparkle.framework in Frameworks */ = {isa = PBXBuildFile; fileRef = 03F3CBB316220E0400D9A857 /* Sparkle.framework */; };
		03F3CBB516220E0D00D9A857 /* Sparkle.framework in CopyFiles */ = {isa = PBXBuildFile; fileRef = 03F3CBB316220E0400D9A857 /* Sparkle.framework */; };
		03F6A059180AF8A500C2EB03 /* Cocoa.framework in Frameworks */ = {isa = PBXBuildFile; fileRef = ED0E121914D5495F008704EC /* Cocoa.framework */; };
		03F6A05F180AF8A500C2EB03 /* InfoPlist.strings in Resources */ = {isa = PBXBuildFile; fileRef = 03F6A05D180AF8A500C2EB03 /* InfoPlist.strings */; };
		03F6A061180AF8A500C2EB03 /* main.m in Sources */ = {isa = PBXBuildFile; fileRef = 03F6A060180AF8A500C2EB03 /* main.m */; };
		03F6A068180AF8A500C2EB03 /* AppDelegate.m in Sources */ = {isa = PBXBuildFile; fileRef = 03F6A067180AF8A500C2EB03 /* AppDelegate.m */; };
		03F6A072180AFA1200C2EB03 /* FeedbackReporter.framework in CopyFiles */ = {isa = PBXBuildFile; fileRef = 03DB5DBB180ACE4400C9F54B /* FeedbackReporter.framework */; };
		03F6A073180AFA1500C2EB03 /* FeedbackReporter.framework in Frameworks */ = {isa = PBXBuildFile; fileRef = 03DB5DBB180ACE4400C9F54B /* FeedbackReporter.framework */; };
		03F6A075180AFA4200C2EB03 /* FRFeedbackReporter.sh in Resources */ = {isa = PBXBuildFile; fileRef = 03F6A074180AFA4200C2EB03 /* FRFeedbackReporter.sh */; };
		ED03CFA615D7D9B500763D81 /* ServiceManagement.framework in Frameworks */ = {isa = PBXBuildFile; fileRef = ED03CFA515D7D9B500763D81 /* ServiceManagement.framework */; };
		ED0E121A14D5495F008704EC /* Cocoa.framework in Frameworks */ = {isa = PBXBuildFile; fileRef = ED0E121914D5495F008704EC /* Cocoa.framework */; };
		ED0E121C14D5495F008704EC /* PreferencePanes.framework in Frameworks */ = {isa = PBXBuildFile; fileRef = ED0E121B14D5495F008704EC /* PreferencePanes.framework */; };
		ED0E122514D5495F008704EC /* InfoPlist.strings in Resources */ = {isa = PBXBuildFile; fileRef = ED0E122314D5495F008704EC /* InfoPlist.strings */; };
		ED0E122814D5495F008704EC /* SmoothMousePrefPane.h in Headers */ = {isa = PBXBuildFile; fileRef = ED0E122714D5495F008704EC /* SmoothMousePrefPane.h */; };
		ED0E122A14D5495F008704EC /* SmoothMousePrefPane.m in Sources */ = {isa = PBXBuildFile; fileRef = ED0E122914D5495F008704EC /* SmoothMousePrefPane.m */; };
		ED13219A14D6713200D07CC3 /* SmoothMousePrefPane.xib in Resources */ = {isa = PBXBuildFile; fileRef = ED13219814D6713200D07CC3 /* SmoothMousePrefPane.xib */; };
		ED13219C14D6721800D07CC3 /* SmoothMousePrefPane.icns in Resources */ = {isa = PBXBuildFile; fileRef = ED13219B14D6721800D07CC3 /* SmoothMousePrefPane.icns */; };
/* End PBXBuildFile section */

/* Begin PBXContainerItemProxy section */
		03DB20FF1621799400CF4299 /* PBXContainerItemProxy */ = {
			isa = PBXContainerItemProxy;
			containerPortal = ED0E11F214D5493A008704EC /* Project object */;
			proxyType = 1;
			remoteGlobalIDString = ED0E121714D5495F008704EC;
			remoteInfo = SmoothMousePrefPane;
		};
		03DB21031621799700CF4299 /* PBXContainerItemProxy */ = {
			isa = PBXContainerItemProxy;
			containerPortal = ED0E11F214D5493A008704EC /* Project object */;
			proxyType = 1;
			remoteGlobalIDString = 03DB20BE1620CB5900CF4299;
			remoteInfo = SmoothMouseUpdater;
		};
		03F6A077180AFCD700C2EB03 /* PBXContainerItemProxy */ = {
			isa = PBXContainerItemProxy;
			containerPortal = ED0E11F214D5493A008704EC /* Project object */;
			proxyType = 1;
			remoteGlobalIDString = 03F6A057180AF8A500C2EB03;
			remoteInfo = SmoothMouseFeedback;
		};
		03FCEC5116BFE4DB00F35E4A /* PBXContainerItemProxy */ = {
			isa = PBXContainerItemProxy;
			containerPortal = ED0E11F214D5493A008704EC /* Project object */;
			proxyType = 1;
			remoteGlobalIDString = 03193FE216BFAC41008FE899;
			remoteInfo = SmoothMouseDaemon;
		};
/* End PBXContainerItemProxy section */

/* Begin PBXCopyFilesBuildPhase section */
		03DB20EF1620D17E00CF4299 /* CopyFiles */ = {
			isa = PBXCopyFilesBuildPhase;
			buildActionMask = 2147483647;
			dstPath = "";
			dstSubfolderSpec = 10;
			files = (
				03F3CBB516220E0D00D9A857 /* Sparkle.framework in CopyFiles */,
			);
			runOnlyForDeploymentPostprocessing = 0;
		};
		03F6A071180AFA0C00C2EB03 /* CopyFiles */ = {
			isa = PBXCopyFilesBuildPhase;
			buildActionMask = 2147483647;
			dstPath = "";
			dstSubfolderSpec = 10;
			files = (
				03F6A072180AFA1200C2EB03 /* FeedbackReporter.framework in CopyFiles */,
			);
			runOnlyForDeploymentPostprocessing = 0;
		};
/* End PBXCopyFilesBuildPhase section */

/* Begin PBXFileReference section */
		031386A71628B36000A04755 /* UrlLabel.h */ = {isa = PBXFileReference; fileEncoding = 4; lastKnownFileType = sourcecode.c.h; path = UrlLabel.h; sourceTree = "<group>"; };
		031386A81628B36000A04755 /* UrlLabel.m */ = {isa = PBXFileReference; fileEncoding = 4; lastKnownFileType = sourcecode.c.objc; path = UrlLabel.m; sourceTree = "<group>"; };
		0316714C1711AA5400360C01 /* KextProtocol.h */ = {isa = PBXFileReference; lastKnownFileType = sourcecode.c.h; path = KextProtocol.h; sourceTree = "<group>"; };
		03193FE316BFAC41008FE899 /* SmoothMouseDaemon.app */ = {isa = PBXFileReference; explicitFileType = wrapper.application; includeInIndex = 0; path = SmoothMouseDaemon.app; sourceTree = BUILT_PRODUCTS_DIR; };
		03193FE816BFAC41008FE899 /* SmoothMouseDaemon-Info.plist */ = {isa = PBXFileReference; lastKnownFileType = text.plist.xml; path = "SmoothMouseDaemon-Info.plist"; sourceTree = "<group>"; };
		03193FEA16BFAC41008FE899 /* en */ = {isa = PBXFileReference; lastKnownFileType = text.plist.strings; name = en; path = en.lproj/InfoPlist.strings; sourceTree = "<group>"; };
		03193FEC16BFAC41008FE899 /* main.m */ = {isa = PBXFileReference; lastKnownFileType = sourcecode.c.objc; path = main.m; sourceTree = "<group>"; };
		03193FEE16BFAC41008FE899 /* SmoothMouseDaemon-Prefix.pch */ = {isa = PBXFileReference; lastKnownFileType = sourcecode.c.h; path = "SmoothMouseDaemon-Prefix.pch"; sourceTree = "<group>"; };
		03193FF016BFAC41008FE899 /* en */ = {isa = PBXFileReference; lastKnownFileType = text.rtf; name = en; path = en.lproj/Credits.rtf; sourceTree = "<group>"; };
		03193FF216BFAC41008FE899 /* AppDelegate.h */ = {isa = PBXFileReference; lastKnownFileType = sourcecode.c.h; path = AppDelegate.h; sourceTree = "<group>"; };
		03193FF316BFAC41008FE899 /* AppDelegate.mm */ = {isa = PBXFileReference; lastKnownFileType = sourcecode.cpp.objcpp; path = AppDelegate.mm; sourceTree = "<group>"; };
		03193FFC16BFB510008FE899 /* SystemMouseAcceleration.h */ = {isa = PBXFileReference; fileEncoding = 4; lastKnownFileType = sourcecode.c.h; path = SystemMouseAcceleration.h; sourceTree = "<group>"; };
		03193FFD16BFB510008FE899 /* SystemMouseAcceleration.mm */ = {isa = PBXFileReference; fileEncoding = 4; lastKnownFileType = sourcecode.cpp.objcpp; path = SystemMouseAcceleration.mm; sourceTree = "<group>"; };
		03193FFE16BFB510008FE899 /* Daemon.mm */ = {isa = PBXFileReference; fileEncoding = 4; lastKnownFileType = sourcecode.cpp.objcpp; path = Daemon.mm; sourceTree = "<group>"; };
		03193FFF16BFB510008FE899 /* debug.h */ = {isa = PBXFileReference; fileEncoding = 4; lastKnownFileType = sourcecode.c.h; path = debug.h; sourceTree = "<group>"; };
		0319400016BFB510008FE899 /* debug.mm */ = {isa = PBXFileReference; fileEncoding = 4; lastKnownFileType = sourcecode.cpp.objcpp; path = debug.mm; sourceTree = "<group>"; };
		0319400116BFB510008FE899 /* mouse.h */ = {isa = PBXFileReference; fileEncoding = 4; lastKnownFileType = sourcecode.c.h; path = mouse.h; sourceTree = "<group>"; };
		0319400216BFB510008FE899 /* mouse.mm */ = {isa = PBXFileReference; fileEncoding = 4; lastKnownFileType = sourcecode.cpp.objcpp; path = mouse.mm; sourceTree = "<group>"; };
		0319400716BFB5AA008FE899 /* Daemon.h */ = {isa = PBXFileReference; fileEncoding = 4; lastKnownFileType = sourcecode.c.h; path = Daemon.h; sourceTree = "<group>"; };
		0319400816BFB612008FE899 /* IOKit.framework */ = {isa = PBXFileReference; lastKnownFileType = wrapper.framework; name = IOKit.framework; path = Platforms/MacOSX.platform/Developer/SDKs/MacOSX10.7.sdk/System/Library/Frameworks/IOKit.framework; sourceTree = DEVELOPER_DIR; };
		0319400B16BFB637008FE899 /* OSXFunction.cpp */ = {isa = PBXFileReference; fileEncoding = 4; lastKnownFileType = sourcecode.cpp.cpp; path = OSXFunction.cpp; sourceTree = "<group>"; };
		0319400C16BFB637008FE899 /* OSXFunction.hpp */ = {isa = PBXFileReference; fileEncoding = 4; lastKnownFileType = sourcecode.cpp.h; path = OSXFunction.hpp; sourceTree = "<group>"; };
		0319400D16BFB637008FE899 /* WindowsFunction.cpp */ = {isa = PBXFileReference; fileEncoding = 4; lastKnownFileType = sourcecode.cpp.cpp; path = WindowsFunction.cpp; sourceTree = "<group>"; };
		0319400E16BFB637008FE899 /* WindowsFunction.hpp */ = {isa = PBXFileReference; fileEncoding = 4; lastKnownFileType = sourcecode.cpp.h; path = WindowsFunction.hpp; sourceTree = "<group>"; };
		031F7841171AA0CF00752C43 /* OverlayWindow.h */ = {isa = PBXFileReference; fileEncoding = 4; lastKnownFileType = sourcecode.c.h; path = OverlayWindow.h; sourceTree = "<group>"; };
		031F7842171AA0CF00752C43 /* OverlayWindow.mm */ = {isa = PBXFileReference; fileEncoding = 4; lastKnownFileType = sourcecode.cpp.objcpp; path = OverlayWindow.mm; sourceTree = "<group>"; };
		031F7844171AD33700752C43 /* OverlayView.h */ = {isa = PBXFileReference; fileEncoding = 4; lastKnownFileType = sourcecode.c.h; path = OverlayView.h; sourceTree = "<group>"; };
		031F7845171AD33700752C43 /* OverlayView.mm */ = {isa = PBXFileReference; fileEncoding = 4; lastKnownFileType = sourcecode.cpp.objcpp; path = OverlayView.mm; sourceTree = "<group>"; };
		03319D6E1722E7BB00668B93 /* InterruptListener.mm */ = {isa = PBXFileReference; fileEncoding = 4; lastKnownFileType = sourcecode.cpp.objcpp; path = InterruptListener.mm; sourceTree = "<group>"; };
		03319D701722E7D300668B93 /* InterruptListener.h */ = {isa = PBXFileReference; lastKnownFileType = sourcecode.c.h; path = InterruptListener.h; sourceTree = "<group>"; };
		03319D71172307FE00668B93 /* MouseEventListener.h */ = {isa = PBXFileReference; fileEncoding = 4; lastKnownFileType = sourcecode.c.h; path = MouseEventListener.h; sourceTree = "<group>"; };
		03319D72172307FE00668B93 /* MouseEventListener.mm */ = {isa = PBXFileReference; fileEncoding = 4; lastKnownFileType = sourcecode.cpp.objcpp; path = MouseEventListener.mm; sourceTree = "<group>"; };
		033933BF1724214F0052C43D /* DriverEventLog.h */ = {isa = PBXFileReference; fileEncoding = 4; lastKnownFileType = sourcecode.c.h; path = DriverEventLog.h; sourceTree = "<group>"; };
		033933C01724214F0052C43D /* DriverEventLog.mm */ = {isa = PBXFileReference; fileEncoding = 4; lastKnownFileType = sourcecode.cpp.objcpp; path = DriverEventLog.mm; sourceTree = "<group>"; };
		033CB65F170771D000D6B1DC /* driver.mm */ = {isa = PBXFileReference; fileEncoding = 4; lastKnownFileType = sourcecode.cpp.objcpp; path = driver.mm; sourceTree = "<group>"; };
		033CB6611707720400D6B1DC /* driver.h */ = {isa = PBXFileReference; lastKnownFileType = sourcecode.c.h; path = driver.h; sourceTree = "<group>"; };
		0341D0BF170CA67000D24E08 /* Carbon.framework */ = {isa = PBXFileReference; lastKnownFileType = wrapper.framework; name = Carbon.framework; path = Platforms/MacOSX.platform/Developer/SDKs/MacOSX10.8.sdk/System/Library/Frameworks/Carbon.framework; sourceTree = DEVELOPER_DIR; };
		035222EF16C0492E00DBE092 /* MouseSupervisor.h */ = {isa = PBXFileReference; fileEncoding = 4; lastKnownFileType = sourcecode.c.h; path = MouseSupervisor.h; sourceTree = "<group>"; };
		035222F016C0492E00DBE092 /* MouseSupervisor.mm */ = {isa = PBXFileReference; fileEncoding = 4; lastKnownFileType = sourcecode.cpp.objcpp; path = MouseSupervisor.mm; sourceTree = "<group>"; };
		03628252170481BF00C2E371 /* Prio.h */ = {isa = PBXFileReference; lastKnownFileType = sourcecode.c.h; path = Prio.h; sourceTree = "<group>"; };
		03628253170481F000C2E371 /* Prio.mm */ = {isa = PBXFileReference; fileEncoding = 4; lastKnownFileType = sourcecode.cpp.objcpp; path = Prio.mm; sourceTree = "<group>"; };
		036E3EF01637066600887DCE /* Security.framework */ = {isa = PBXFileReference; lastKnownFileType = wrapper.framework; name = Security.framework; path = Platforms/MacOSX.platform/Developer/SDKs/MacOSX10.7.sdk/System/Library/Frameworks/Security.framework; sourceTree = DEVELOPER_DIR; };
		03758EFE170893BD003E066D /* mach_timebase_util.h */ = {isa = PBXFileReference; lastKnownFileType = sourcecode.c.h; path = mach_timebase_util.h; sourceTree = "<group>"; };
		03758EFF17089405003E066D /* mach_timebase_util.mm */ = {isa = PBXFileReference; fileEncoding = 4; lastKnownFileType = sourcecode.cpp.objcpp; path = mach_timebase_util.mm; sourceTree = "<group>"; };
		03A340191709CE3300B4A1D8 /* Config.h */ = {isa = PBXFileReference; lastKnownFileType = sourcecode.c.h; path = Config.h; sourceTree = "<group>"; };
		03A3401A1709CF0300B4A1D8 /* Config.mm */ = {isa = PBXFileReference; fileEncoding = 4; lastKnownFileType = sourcecode.cpp.objcpp; path = Config.mm; sourceTree = "<group>"; };
		03BA20FF161F757D0014A74E /* dsa_pub.pem */ = {isa = PBXFileReference; fileEncoding = 4; lastKnownFileType = text; path = dsa_pub.pem; sourceTree = "<group>"; };
		03D020BC1631D0DA00CD04C1 /* Credits.rtf */ = {isa = PBXFileReference; fileEncoding = 4; lastKnownFileType = text.rtf; path = Credits.rtf; sourceTree = "<group>"; };
		03D020D41631F22A00CD04C1 /* uninstall.sh */ = {isa = PBXFileReference; lastKnownFileType = text.script.sh; path = uninstall.sh; sourceTree = "<group>"; };
		03DB20191620BF3B00CF4299 /* SmoothMouse.prefPane */ = {isa = PBXFileReference; lastKnownFileType = wrapper; name = SmoothMouse.prefPane; path = ../../../../Library/PreferencePanes/SmoothMouse.prefPane; sourceTree = "<group>"; };
		03DB20BF1620CB5900CF4299 /* SmoothMouseUpdater.app */ = {isa = PBXFileReference; explicitFileType = wrapper.application; includeInIndex = 0; path = SmoothMouseUpdater.app; sourceTree = BUILT_PRODUCTS_DIR; };
		03DB20C41620CB5900CF4299 /* SmoothMouseUpdater-Info.plist */ = {isa = PBXFileReference; lastKnownFileType = text.plist.xml; path = "SmoothMouseUpdater-Info.plist"; sourceTree = "<group>"; };
		03DB20C61620CB5900CF4299 /* en */ = {isa = PBXFileReference; lastKnownFileType = text.plist.strings; name = en; path = en.lproj/InfoPlist.strings; sourceTree = "<group>"; };
		03DB20C81620CB5900CF4299 /* main.m */ = {isa = PBXFileReference; lastKnownFileType = sourcecode.c.objc; path = main.m; sourceTree = "<group>"; };
		03DB20CA1620CB5900CF4299 /* SmoothMouseUpdater-Prefix.pch */ = {isa = PBXFileReference; lastKnownFileType = sourcecode.c.h; path = "SmoothMouseUpdater-Prefix.pch"; sourceTree = "<group>"; };
		03DB20CE1620CB5900CF4299 /* AppDelegate.h */ = {isa = PBXFileReference; lastKnownFileType = sourcecode.c.h; path = AppDelegate.h; sourceTree = "<group>"; };
		03DB20CF1620CB5900CF4299 /* AppDelegate.m */ = {isa = PBXFileReference; lastKnownFileType = sourcecode.c.objc; path = AppDelegate.m; sourceTree = "<group>"; };
		03DB20DA1620CB5A00CF4299 /* SenTestingKit.framework */ = {isa = PBXFileReference; lastKnownFileType = wrapper.framework; name = SenTestingKit.framework; path = Library/Frameworks/SenTestingKit.framework; sourceTree = DEVELOPER_DIR; };
		03DB5DBB180ACE4400C9F54B /* FeedbackReporter.framework */ = {isa = PBXFileReference; lastKnownFileType = wrapper.framework; name = FeedbackReporter.framework; path = Dependencies/FeedbackReporter.framework; sourceTree = "<group>"; };
		03DB5DBF180AD27700C9F54B /* FRFeedbackReporter.sh */ = {isa = PBXFileReference; fileEncoding = 4; lastKnownFileType = text.script.sh; path = FRFeedbackReporter.sh; sourceTree = "<group>"; };
		03E6F25116999C9300FBDBD6 /* VersionLabel.h */ = {isa = PBXFileReference; fileEncoding = 4; lastKnownFileType = sourcecode.c.h; path = VersionLabel.h; sourceTree = "<group>"; };
		03E6F25216999C9300FBDBD6 /* VersionLabel.m */ = {isa = PBXFileReference; fileEncoding = 4; lastKnownFileType = sourcecode.c.objc; path = VersionLabel.m; sourceTree = "<group>"; };
		03F3CBB316220E0400D9A857 /* Sparkle.framework */ = {isa = PBXFileReference; lastKnownFileType = wrapper.framework; name = Sparkle.framework; path = Dependencies/Sparkle.framework; sourceTree = "<group>"; };
		03F6A058180AF8A500C2EB03 /* SmoothMouseFeedback.app */ = {isa = PBXFileReference; explicitFileType = wrapper.application; includeInIndex = 0; path = SmoothMouseFeedback.app; sourceTree = BUILT_PRODUCTS_DIR; };
		03F6A05C180AF8A500C2EB03 /* SmoothMouseFeedback-Info.plist */ = {isa = PBXFileReference; lastKnownFileType = text.plist.xml; path = "SmoothMouseFeedback-Info.plist"; sourceTree = "<group>"; };
		03F6A05E180AF8A500C2EB03 /* en */ = {isa = PBXFileReference; lastKnownFileType = text.plist.strings; name = en; path = en.lproj/InfoPlist.strings; sourceTree = "<group>"; };
		03F6A060180AF8A500C2EB03 /* main.m */ = {isa = PBXFileReference; lastKnownFileType = sourcecode.c.objc; path = main.m; sourceTree = "<group>"; };
		03F6A062180AF8A500C2EB03 /* SmoothMouseFeedback-Prefix.pch */ = {isa = PBXFileReference; lastKnownFileType = sourcecode.c.h; path = "SmoothMouseFeedback-Prefix.pch"; sourceTree = "<group>"; };
		03F6A066180AF8A500C2EB03 /* AppDelegate.h */ = {isa = PBXFileReference; lastKnownFileType = sourcecode.c.h; path = AppDelegate.h; sourceTree = "<group>"; };
		03F6A067180AF8A500C2EB03 /* AppDelegate.m */ = {isa = PBXFileReference; lastKnownFileType = sourcecode.c.objc; path = AppDelegate.m; sourceTree = "<group>"; };
		03F6A074180AFA4200C2EB03 /* FRFeedbackReporter.sh */ = {isa = PBXFileReference; fileEncoding = 4; lastKnownFileType = text.script.sh; path = FRFeedbackReporter.sh; sourceTree = "<group>"; };
		ED03CF9E15D7D95200763D81 /* SystemConfiguration.framework */ = {isa = PBXFileReference; lastKnownFileType = wrapper.framework; name = SystemConfiguration.framework; path = System/Library/Frameworks/SystemConfiguration.framework; sourceTree = SDKROOT; };
		ED03CFA015D7D96000763D81 /* ApplicationServices.framework */ = {isa = PBXFileReference; lastKnownFileType = wrapper.framework; name = ApplicationServices.framework; path = System/Library/Frameworks/ApplicationServices.framework; sourceTree = SDKROOT; };
		ED03CFA215D7D97400763D81 /* IOKit.framework */ = {isa = PBXFileReference; lastKnownFileType = wrapper.framework; name = IOKit.framework; path = System/Library/Frameworks/IOKit.framework; sourceTree = SDKROOT; };
		ED03CFA515D7D9B500763D81 /* ServiceManagement.framework */ = {isa = PBXFileReference; lastKnownFileType = wrapper.framework; name = ServiceManagement.framework; path = System/Library/Frameworks/ServiceManagement.framework; sourceTree = SDKROOT; };
		ED0E120314D54950008704EC /* Kernel.framework */ = {isa = PBXFileReference; lastKnownFileType = wrapper.framework; name = Kernel.framework; path = System/Library/Frameworks/Kernel.framework; sourceTree = SDKROOT; };
		ED0E120814D54950008704EC /* en */ = {isa = PBXFileReference; lastKnownFileType = text.plist.strings; name = en; path = en.lproj/InfoPlist.strings; sourceTree = "<group>"; };
		ED0E120A14D54950008704EC /* SmoothMouseKext-Prefix.pch */ = {isa = PBXFileReference; lastKnownFileType = sourcecode.c.h; name = "SmoothMouseKext-Prefix.pch"; path = "../SmoothMouseKext/SmoothMouseKext-Prefix.pch"; sourceTree = "<group>"; };
		ED0E121814D5495F008704EC /* SmoothMouse.prefPane */ = {isa = PBXFileReference; explicitFileType = wrapper.cfbundle; includeInIndex = 0; path = SmoothMouse.prefPane; sourceTree = BUILT_PRODUCTS_DIR; };
		ED0E121914D5495F008704EC /* Cocoa.framework */ = {isa = PBXFileReference; lastKnownFileType = wrapper.framework; name = Cocoa.framework; path = System/Library/Frameworks/Cocoa.framework; sourceTree = SDKROOT; };
		ED0E121B14D5495F008704EC /* PreferencePanes.framework */ = {isa = PBXFileReference; lastKnownFileType = wrapper.framework; name = PreferencePanes.framework; path = System/Library/Frameworks/PreferencePanes.framework; sourceTree = SDKROOT; };
		ED0E121D14D5495F008704EC /* AppKit.framework */ = {isa = PBXFileReference; lastKnownFileType = wrapper.framework; name = AppKit.framework; path = System/Library/Frameworks/AppKit.framework; sourceTree = SDKROOT; };
		ED0E121E14D5495F008704EC /* CoreData.framework */ = {isa = PBXFileReference; lastKnownFileType = wrapper.framework; name = CoreData.framework; path = System/Library/Frameworks/CoreData.framework; sourceTree = SDKROOT; };
		ED0E121F14D5495F008704EC /* Foundation.framework */ = {isa = PBXFileReference; lastKnownFileType = wrapper.framework; name = Foundation.framework; path = System/Library/Frameworks/Foundation.framework; sourceTree = SDKROOT; };
		ED0E122214D5495F008704EC /* SmoothMousePrefPane-Info.plist */ = {isa = PBXFileReference; lastKnownFileType = text.plist.xml; path = "SmoothMousePrefPane-Info.plist"; sourceTree = "<group>"; };
		ED0E122414D5495F008704EC /* en */ = {isa = PBXFileReference; lastKnownFileType = text.plist.strings; name = en; path = en.lproj/InfoPlist.strings; sourceTree = "<group>"; };
		ED0E122614D5495F008704EC /* SmoothMousePrefPane-Prefix.pch */ = {isa = PBXFileReference; lastKnownFileType = sourcecode.c.h; path = "SmoothMousePrefPane-Prefix.pch"; sourceTree = "<group>"; };
		ED0E122714D5495F008704EC /* SmoothMousePrefPane.h */ = {isa = PBXFileReference; lastKnownFileType = sourcecode.c.h; path = SmoothMousePrefPane.h; sourceTree = "<group>"; };
		ED0E122914D5495F008704EC /* SmoothMousePrefPane.m */ = {isa = PBXFileReference; lastKnownFileType = sourcecode.c.objc; path = SmoothMousePrefPane.m; sourceTree = "<group>"; };
		ED0E123914D5496F008704EC /* Foundation.framework */ = {isa = PBXFileReference; lastKnownFileType = wrapper.framework; name = Foundation.framework; path = System/Library/Frameworks/Foundation.framework; sourceTree = SDKROOT; };
		ED0E124F14D54A96008704EC /* constants.h */ = {isa = PBXFileReference; lastKnownFileType = sourcecode.c.h; path = constants.h; sourceTree = "<group>"; };
		ED13219914D6713200D07CC3 /* en */ = {isa = PBXFileReference; lastKnownFileType = file.xib; name = en; path = SmoothMousePrefPane/en.lproj/SmoothMousePrefPane.xib; sourceTree = SOURCE_ROOT; };
		ED13219B14D6721800D07CC3 /* SmoothMousePrefPane.icns */ = {isa = PBXFileReference; lastKnownFileType = image.icns; path = SmoothMousePrefPane.icns; sourceTree = "<group>"; };
/* End PBXFileReference section */

/* Begin PBXFrameworksBuildPhase section */
		03193FE016BFAC41008FE899 /* Frameworks */ = {
			isa = PBXFrameworksBuildPhase;
			buildActionMask = 2147483647;
			files = (
				0341D0C0170CA67000D24E08 /* Carbon.framework in Frameworks */,
				0319400916BFB612008FE899 /* IOKit.framework in Frameworks */,
				03193FE516BFAC41008FE899 /* Cocoa.framework in Frameworks */,
			);
			runOnlyForDeploymentPostprocessing = 0;
		};
		03DB20BC1620CB5900CF4299 /* Frameworks */ = {
			isa = PBXFrameworksBuildPhase;
			buildActionMask = 2147483647;
			files = (
				03DB20C11620CB5900CF4299 /* Cocoa.framework in Frameworks */,
				03F3CBB416220E0700D9A857 /* Sparkle.framework in Frameworks */,
			);
			runOnlyForDeploymentPostprocessing = 0;
		};
		03F6A055180AF8A500C2EB03 /* Frameworks */ = {
			isa = PBXFrameworksBuildPhase;
			buildActionMask = 2147483647;
			files = (
				03F6A059180AF8A500C2EB03 /* Cocoa.framework in Frameworks */,
				03F6A073180AFA1500C2EB03 /* FeedbackReporter.framework in Frameworks */,
			);
			runOnlyForDeploymentPostprocessing = 0;
		};
		ED0E121314D5495F008704EC /* Frameworks */ = {
			isa = PBXFrameworksBuildPhase;
			buildActionMask = 2147483647;
			files = (
				036E3EF11637066600887DCE /* Security.framework in Frameworks */,
				ED03CFA615D7D9B500763D81 /* ServiceManagement.framework in Frameworks */,
				ED0E121A14D5495F008704EC /* Cocoa.framework in Frameworks */,
				ED0E121C14D5495F008704EC /* PreferencePanes.framework in Frameworks */,
			);
			runOnlyForDeploymentPostprocessing = 0;
		};
/* End PBXFrameworksBuildPhase section */

/* Begin PBXGroup section */
		03193FE616BFAC41008FE899 /* SmoothMouseDaemon */ = {
			isa = PBXGroup;
			children = (
				03193FF216BFAC41008FE899 /* AppDelegate.h */,
				03193FF316BFAC41008FE899 /* AppDelegate.mm */,
				03A340191709CE3300B4A1D8 /* Config.h */,
				03A3401A1709CF0300B4A1D8 /* Config.mm */,
				0319400716BFB5AA008FE899 /* Daemon.h */,
				03193FFE16BFB510008FE899 /* Daemon.mm */,
				03193FFF16BFB510008FE899 /* debug.h */,
				0319400016BFB510008FE899 /* debug.mm */,
				033CB6611707720400D6B1DC /* driver.h */,
				033CB65F170771D000D6B1DC /* driver.mm */,
				033933BF1724214F0052C43D /* DriverEventLog.h */,
				033933C01724214F0052C43D /* DriverEventLog.mm */,
				03319D701722E7D300668B93 /* InterruptListener.h */,
				03319D6E1722E7BB00668B93 /* InterruptListener.mm */,
				0316714C1711AA5400360C01 /* KextProtocol.h */,
				0319400A16BFB637008FE899 /* libpointing */,
				03758EFE170893BD003E066D /* mach_timebase_util.h */,
				03758EFF17089405003E066D /* mach_timebase_util.mm */,
				03193FEC16BFAC41008FE899 /* main.m */,
				0319400116BFB510008FE899 /* mouse.h */,
				0319400216BFB510008FE899 /* mouse.mm */,
				03319D71172307FE00668B93 /* MouseEventListener.h */,
				03319D72172307FE00668B93 /* MouseEventListener.mm */,
				035222EF16C0492E00DBE092 /* MouseSupervisor.h */,
				035222F016C0492E00DBE092 /* MouseSupervisor.mm */,
				031F7844171AD33700752C43 /* OverlayView.h */,
				031F7845171AD33700752C43 /* OverlayView.mm */,
				031F7841171AA0CF00752C43 /* OverlayWindow.h */,
				031F7842171AA0CF00752C43 /* OverlayWindow.mm */,
				03628252170481BF00C2E371 /* Prio.h */,
				03628253170481F000C2E371 /* Prio.mm */,
				03193FE716BFAC41008FE899 /* Supporting Files */,
				03193FFC16BFB510008FE899 /* SystemMouseAcceleration.h */,
				03193FFD16BFB510008FE899 /* SystemMouseAcceleration.mm */,
			);
			path = SmoothMouseDaemon;
			sourceTree = "<group>";
		};
		03193FE716BFAC41008FE899 /* Supporting Files */ = {
			isa = PBXGroup;
			children = (
				03193FE816BFAC41008FE899 /* SmoothMouseDaemon-Info.plist */,
				03193FE916BFAC41008FE899 /* InfoPlist.strings */,
				03193FEE16BFAC41008FE899 /* SmoothMouseDaemon-Prefix.pch */,
				03193FEF16BFAC41008FE899 /* Credits.rtf */,
			);
			name = "Supporting Files";
			sourceTree = "<group>";
		};
		0319400A16BFB637008FE899 /* libpointing */ = {
			isa = PBXGroup;
			children = (
				0319400B16BFB637008FE899 /* OSXFunction.cpp */,
				0319400C16BFB637008FE899 /* OSXFunction.hpp */,
				0319400D16BFB637008FE899 /* WindowsFunction.cpp */,
				0319400E16BFB637008FE899 /* WindowsFunction.hpp */,
			);
			path = libpointing;
			sourceTree = "<group>";
		};
		03DB20C21620CB5900CF4299 /* SmoothMouseUpdater */ = {
			isa = PBXGroup;
			children = (
				03DB20CE1620CB5900CF4299 /* AppDelegate.h */,
				03DB20CF1620CB5900CF4299 /* AppDelegate.m */,
				03DB20C31620CB5900CF4299 /* Supporting Files */,
			);
			path = SmoothMouseUpdater;
			sourceTree = "<group>";
		};
		03DB20C31620CB5900CF4299 /* Supporting Files */ = {
			isa = PBXGroup;
			children = (
				03DB20C41620CB5900CF4299 /* SmoothMouseUpdater-Info.plist */,
				03DB20C51620CB5900CF4299 /* InfoPlist.strings */,
				03DB20C81620CB5900CF4299 /* main.m */,
				03DB20CA1620CB5900CF4299 /* SmoothMouseUpdater-Prefix.pch */,
			);
			name = "Supporting Files";
			sourceTree = "<group>";
		};
		03F6A05A180AF8A500C2EB03 /* SmoothMouseFeedback */ = {
			isa = PBXGroup;
			children = (
				03F6A066180AF8A500C2EB03 /* AppDelegate.h */,
				03F6A067180AF8A500C2EB03 /* AppDelegate.m */,
				03F6A05B180AF8A500C2EB03 /* Supporting Files */,
				03F6A074180AFA4200C2EB03 /* FRFeedbackReporter.sh */,
			);
			path = SmoothMouseFeedback;
			sourceTree = "<group>";
		};
		03F6A05B180AF8A500C2EB03 /* Supporting Files */ = {
			isa = PBXGroup;
			children = (
				03F6A05C180AF8A500C2EB03 /* SmoothMouseFeedback-Info.plist */,
				03F6A05D180AF8A500C2EB03 /* InfoPlist.strings */,
				03F6A060180AF8A500C2EB03 /* main.m */,
				03F6A062180AF8A500C2EB03 /* SmoothMouseFeedback-Prefix.pch */,
			);
			name = "Supporting Files";
			sourceTree = "<group>";
		};
		ED0E11F014D5493A008704EC = {
			isa = PBXGroup;
			children = (
				0341D0BF170CA67000D24E08 /* Carbon.framework */,
				0319400816BFB612008FE899 /* IOKit.framework */,
				036E3EF01637066600887DCE /* Security.framework */,
				03DB20191620BF3B00CF4299 /* SmoothMouse.prefPane */,
				ED0E124F14D54A96008704EC /* constants.h */,
				ED0E122014D5495F008704EC /* SmoothMousePrefPane */,
				03DB20C21620CB5900CF4299 /* SmoothMouseUpdater */,
				03193FE616BFAC41008FE899 /* SmoothMouseDaemon */,
				03F6A05A180AF8A500C2EB03 /* SmoothMouseFeedback */,
				ED0E120114D54950008704EC /* Frameworks */,
				ED0E120014D54950008704EC /* Products */,
			);
			sourceTree = "<group>";
		};
		ED0E120014D54950008704EC /* Products */ = {
			isa = PBXGroup;
			children = (
				ED0E121814D5495F008704EC /* SmoothMouse.prefPane */,
				03DB20BF1620CB5900CF4299 /* SmoothMouseUpdater.app */,
				03193FE316BFAC41008FE899 /* SmoothMouseDaemon.app */,
				03F6A058180AF8A500C2EB03 /* SmoothMouseFeedback.app */,
			);
			name = Products;
			sourceTree = "<group>";
		};
		ED0E120114D54950008704EC /* Frameworks */ = {
			isa = PBXGroup;
			children = (
				03DB5DBB180ACE4400C9F54B /* FeedbackReporter.framework */,
				03F3CBB316220E0400D9A857 /* Sparkle.framework */,
				ED03CFA515D7D9B500763D81 /* ServiceManagement.framework */,
				ED03CFA215D7D97400763D81 /* IOKit.framework */,
				ED03CFA015D7D96000763D81 /* ApplicationServices.framework */,
				ED03CF9E15D7D95200763D81 /* SystemConfiguration.framework */,
				ED0E121914D5495F008704EC /* Cocoa.framework */,
				ED0E121B14D5495F008704EC /* PreferencePanes.framework */,
				ED0E123914D5496F008704EC /* Foundation.framework */,
				03DB20DA1620CB5A00CF4299 /* SenTestingKit.framework */,
				ED0E120214D54950008704EC /* Other Frameworks */,
			);
			name = Frameworks;
			sourceTree = "<group>";
		};
		ED0E120214D54950008704EC /* Other Frameworks */ = {
			isa = PBXGroup;
			children = (
				ED0E120314D54950008704EC /* Kernel.framework */,
				ED0E121D14D5495F008704EC /* AppKit.framework */,
				ED0E121E14D5495F008704EC /* CoreData.framework */,
				ED0E121F14D5495F008704EC /* Foundation.framework */,
			);
			name = "Other Frameworks";
			sourceTree = "<group>";
		};
		ED0E122014D5495F008704EC /* SmoothMousePrefPane */ = {
			isa = PBXGroup;
			children = (
				ED0E122714D5495F008704EC /* SmoothMousePrefPane.h */,
				ED13219B14D6721800D07CC3 /* SmoothMousePrefPane.icns */,
				ED0E122914D5495F008704EC /* SmoothMousePrefPane.m */,
				ED0E122114D5495F008704EC /* Supporting Files */,
				031386A71628B36000A04755 /* UrlLabel.h */,
				031386A81628B36000A04755 /* UrlLabel.m */,
				03E6F25116999C9300FBDBD6 /* VersionLabel.h */,
				03E6F25216999C9300FBDBD6 /* VersionLabel.m */,
			);
			path = SmoothMousePrefPane;
			sourceTree = "<group>";
		};
		ED0E122114D5495F008704EC /* Supporting Files */ = {
			isa = PBXGroup;
			children = (
				03DB5DBF180AD27700C9F54B /* FRFeedbackReporter.sh */,
				03D020BC1631D0DA00CD04C1 /* Credits.rtf */,
				03BA20FF161F757D0014A74E /* dsa_pub.pem */,
				ED0E120714D54950008704EC /* InfoPlist.strings */,
				ED0E122314D5495F008704EC /* InfoPlist.strings */,
				ED0E120A14D54950008704EC /* SmoothMouseKext-Prefix.pch */,
				ED0E122214D5495F008704EC /* SmoothMousePrefPane-Info.plist */,
				ED0E122614D5495F008704EC /* SmoothMousePrefPane-Prefix.pch */,
				ED13219814D6713200D07CC3 /* SmoothMousePrefPane.xib */,
				03D020D41631F22A00CD04C1 /* uninstall.sh */,
			);
			name = "Supporting Files";
			sourceTree = "<group>";
		};
/* End PBXGroup section */

/* Begin PBXHeadersBuildPhase section */
		ED0E121414D5495F008704EC /* Headers */ = {
			isa = PBXHeadersBuildPhase;
			buildActionMask = 2147483647;
			files = (
				ED0E122814D5495F008704EC /* SmoothMousePrefPane.h in Headers */,
				031386A91628B36000A04755 /* UrlLabel.h in Headers */,
				03E6F25316999C9300FBDBD6 /* VersionLabel.h in Headers */,
			);
			runOnlyForDeploymentPostprocessing = 0;
		};
/* End PBXHeadersBuildPhase section */

/* Begin PBXNativeTarget section */
		03193FE216BFAC41008FE899 /* SmoothMouseDaemon */ = {
			isa = PBXNativeTarget;
			buildConfigurationList = 03193FFA16BFAC41008FE899 /* Build configuration list for PBXNativeTarget "SmoothMouseDaemon" */;
			buildPhases = (
				03193FDF16BFAC41008FE899 /* Sources */,
				03193FE016BFAC41008FE899 /* Frameworks */,
				03193FE116BFAC41008FE899 /* Resources */,
			);
			buildRules = (
			);
			dependencies = (
			);
			name = SmoothMouseDaemon;
			productName = SmoothMouseDaemon;
			productReference = 03193FE316BFAC41008FE899 /* SmoothMouseDaemon.app */;
			productType = "com.apple.product-type.application";
		};
		03DB20BE1620CB5900CF4299 /* SmoothMouseUpdater */ = {
			isa = PBXNativeTarget;
			buildConfigurationList = 03DB20E81620CB5A00CF4299 /* Build configuration list for PBXNativeTarget "SmoothMouseUpdater" */;
			buildPhases = (
				03DB20BB1620CB5900CF4299 /* Sources */,
				03DB20BC1620CB5900CF4299 /* Frameworks */,
				03DB20BD1620CB5900CF4299 /* Resources */,
				03DB20EF1620D17E00CF4299 /* CopyFiles */,
			);
			buildRules = (
			);
			dependencies = (
			);
			name = SmoothMouseUpdater;
			productName = SmoothMouseUpdater;
			productReference = 03DB20BF1620CB5900CF4299 /* SmoothMouseUpdater.app */;
			productType = "com.apple.product-type.application";
		};
		03F6A057180AF8A500C2EB03 /* SmoothMouseFeedback */ = {
			isa = PBXNativeTarget;
			buildConfigurationList = 03F6A06E180AF8A500C2EB03 /* Build configuration list for PBXNativeTarget "SmoothMouseFeedback" */;
			buildPhases = (
				03F6A054180AF8A500C2EB03 /* Sources */,
				03F6A055180AF8A500C2EB03 /* Frameworks */,
				03F6A056180AF8A500C2EB03 /* Resources */,
				03F6A071180AFA0C00C2EB03 /* CopyFiles */,
				03F6A076180AFA7100C2EB03 /* ShellScript */,
			);
			buildRules = (
			);
			dependencies = (
			);
			name = SmoothMouseFeedback;
			productName = SmoothMouseFeedback;
			productReference = 03F6A058180AF8A500C2EB03 /* SmoothMouseFeedback.app */;
			productType = "com.apple.product-type.application";
		};
		ED0E121714D5495F008704EC /* SmoothMousePrefPane */ = {
			isa = PBXNativeTarget;
			buildConfigurationList = ED0E123014D5495F008704EC /* Build configuration list for PBXNativeTarget "SmoothMousePrefPane" */;
			buildPhases = (
				ED0E121214D5495F008704EC /* Sources */,
				ED0E121314D5495F008704EC /* Frameworks */,
				ED0E121414D5495F008704EC /* Headers */,
				ED0E121514D5495F008704EC /* Resources */,
				ED0E121614D5495F008704EC /* Rez */,
			);
			buildRules = (
			);
			dependencies = (
			);
			name = SmoothMousePrefPane;
			productName = SmoothMousePrefPane;
			productReference = ED0E121814D5495F008704EC /* SmoothMouse.prefPane */;
			productType = "com.apple.product-type.bundle";
		};
/* End PBXNativeTarget section */

/* Begin PBXProject section */
		ED0E11F214D5493A008704EC /* Project object */ = {
			isa = PBXProject;
			attributes = {
				LastUpgradeCheck = 0430;
			};
			buildConfigurationList = ED0E11F514D5493A008704EC /* Build configuration list for PBXProject "SmoothMouse" */;
			compatibilityVersion = "Xcode 3.2";
			developmentRegion = English;
			hasScannedForEncodings = 0;
			knownRegions = (
				en,
			);
			mainGroup = ED0E11F014D5493A008704EC;
			productRefGroup = ED0E120014D54950008704EC /* Products */;
			projectDirPath = "";
			projectRoot = "";
			targets = (
				ED0E121714D5495F008704EC /* SmoothMousePrefPane */,
				03DB20BE1620CB5900CF4299 /* SmoothMouseUpdater */,
				03DB20FB1621798800CF4299 /* SmoothMouseBuild */,
				03193FE216BFAC41008FE899 /* SmoothMouseDaemon */,
				03F6A057180AF8A500C2EB03 /* SmoothMouseFeedback */,
			);
		};
/* End PBXProject section */

/* Begin PBXResourcesBuildPhase section */
		03193FE116BFAC41008FE899 /* Resources */ = {
			isa = PBXResourcesBuildPhase;
			buildActionMask = 2147483647;
			files = (
				03193FEB16BFAC41008FE899 /* InfoPlist.strings in Resources */,
				03193FF116BFAC41008FE899 /* Credits.rtf in Resources */,
			);
			runOnlyForDeploymentPostprocessing = 0;
		};
		03DB20BD1620CB5900CF4299 /* Resources */ = {
			isa = PBXResourcesBuildPhase;
			buildActionMask = 2147483647;
			files = (
				03DB20C71620CB5900CF4299 /* InfoPlist.strings in Resources */,
			);
			runOnlyForDeploymentPostprocessing = 0;
		};
		03F6A056180AF8A500C2EB03 /* Resources */ = {
			isa = PBXResourcesBuildPhase;
			buildActionMask = 2147483647;
			files = (
				03F6A05F180AF8A500C2EB03 /* InfoPlist.strings in Resources */,
				03F6A075180AFA4200C2EB03 /* FRFeedbackReporter.sh in Resources */,
			);
			runOnlyForDeploymentPostprocessing = 0;
		};
		ED0E121514D5495F008704EC /* Resources */ = {
			isa = PBXResourcesBuildPhase;
			buildActionMask = 2147483647;
			files = (
				034215B41631F2BA0047E370 /* uninstall.sh in Resources */,
				ED0E122514D5495F008704EC /* InfoPlist.strings in Resources */,
				ED13219A14D6713200D07CC3 /* SmoothMousePrefPane.xib in Resources */,
				ED13219C14D6721800D07CC3 /* SmoothMousePrefPane.icns in Resources */,
				03BA2100161F757D0014A74E /* dsa_pub.pem in Resources */,
				03D020BD1631D0DA00CD04C1 /* Credits.rtf in Resources */,
				03DB5DC0180AD27700C9F54B /* FRFeedbackReporter.sh in Resources */,
			);
			runOnlyForDeploymentPostprocessing = 0;
		};
/* End PBXResourcesBuildPhase section */

/* Begin PBXRezBuildPhase section */
		ED0E121614D5495F008704EC /* Rez */ = {
			isa = PBXRezBuildPhase;
			buildActionMask = 2147483647;
			files = (
			);
			runOnlyForDeploymentPostprocessing = 0;
		};
/* End PBXRezBuildPhase section */

/* Begin PBXShellScriptBuildPhase section */
		03F6A076180AFA7100C2EB03 /* ShellScript */ = {
			isa = PBXShellScriptBuildPhase;
			buildActionMask = 2147483647;
			files = (
			);
			inputPaths = (
			);
			outputPaths = (
			);
			runOnlyForDeploymentPostprocessing = 0;
			shellPath = /bin/sh;
			shellScript = "chmod a+x ${BUILT_PRODUCTS_DIR}/SmoothMouseFeedback.app/Contents/Resources/FRFeedbackReporter.sh";
		};
		134A3F6917266D69003E00A2 /* ShellScript */ = {
			isa = PBXShellScriptBuildPhase;
			buildActionMask = 12;
			files = (
			);
			inputPaths = (
			);
			outputPaths = (
			);
			runOnlyForDeploymentPostprocessing = 0;
			shellPath = /bin/sh;
			shellScript = "source \"$SRCROOT/postbuild.sh\"";
		};
/* End PBXShellScriptBuildPhase section */

/* Begin PBXSourcesBuildPhase section */
		03193FDF16BFAC41008FE899 /* Sources */ = {
			isa = PBXSourcesBuildPhase;
			buildActionMask = 2147483647;
			files = (
				03193FED16BFAC41008FE899 /* main.m in Sources */,
				03193FF416BFAC41008FE899 /* AppDelegate.mm in Sources */,
				0319400316BFB510008FE899 /* SystemMouseAcceleration.mm in Sources */,
				0319400416BFB510008FE899 /* Daemon.mm in Sources */,
				0319400516BFB510008FE899 /* debug.mm in Sources */,
				0319400616BFB510008FE899 /* mouse.mm in Sources */,
				0319400F16BFB637008FE899 /* OSXFunction.cpp in Sources */,
				0319401016BFB637008FE899 /* WindowsFunction.cpp in Sources */,
				035222F116C0492E00DBE092 /* MouseSupervisor.mm in Sources */,
				03628254170481F000C2E371 /* Prio.mm in Sources */,
				033CB660170771D000D6B1DC /* driver.mm in Sources */,
				03758F0017089405003E066D /* mach_timebase_util.mm in Sources */,
				03A3401B1709CF0300B4A1D8 /* Config.mm in Sources */,
				031F7843171AA0CF00752C43 /* OverlayWindow.mm in Sources */,
				031F7846171AD33700752C43 /* OverlayView.mm in Sources */,
				03319D6F1722E7BC00668B93 /* InterruptListener.mm in Sources */,
				03319D73172307FE00668B93 /* MouseEventListener.mm in Sources */,
				033933C11724214F0052C43D /* DriverEventLog.mm in Sources */,
			);
			runOnlyForDeploymentPostprocessing = 0;
		};
		03DB20BB1620CB5900CF4299 /* Sources */ = {
			isa = PBXSourcesBuildPhase;
			buildActionMask = 2147483647;
			files = (
				03DB20C91620CB5900CF4299 /* main.m in Sources */,
				03DB20D01620CB5900CF4299 /* AppDelegate.m in Sources */,
			);
			runOnlyForDeploymentPostprocessing = 0;
		};
		03F6A054180AF8A500C2EB03 /* Sources */ = {
			isa = PBXSourcesBuildPhase;
			buildActionMask = 2147483647;
			files = (
				03F6A061180AF8A500C2EB03 /* main.m in Sources */,
				03F6A068180AF8A500C2EB03 /* AppDelegate.m in Sources */,
			);
			runOnlyForDeploymentPostprocessing = 0;
		};
		ED0E121214D5495F008704EC /* Sources */ = {
			isa = PBXSourcesBuildPhase;
			buildActionMask = 2147483647;
			files = (
				ED0E122A14D5495F008704EC /* SmoothMousePrefPane.m in Sources */,
				031386AA1628B36000A04755 /* UrlLabel.m in Sources */,
				03E6F25416999C9300FBDBD6 /* VersionLabel.m in Sources */,
			);
			runOnlyForDeploymentPostprocessing = 0;
		};
/* End PBXSourcesBuildPhase section */

/* Begin PBXTargetDependency section */
		03DB21001621799400CF4299 /* PBXTargetDependency */ = {
			isa = PBXTargetDependency;
			target = ED0E121714D5495F008704EC /* SmoothMousePrefPane */;
			targetProxy = 03DB20FF1621799400CF4299 /* PBXContainerItemProxy */;
		};
		03DB21041621799700CF4299 /* PBXTargetDependency */ = {
			isa = PBXTargetDependency;
			target = 03DB20BE1620CB5900CF4299 /* SmoothMouseUpdater */;
			targetProxy = 03DB21031621799700CF4299 /* PBXContainerItemProxy */;
		};
		03F6A078180AFCD700C2EB03 /* PBXTargetDependency */ = {
			isa = PBXTargetDependency;
			target = 03F6A057180AF8A500C2EB03 /* SmoothMouseFeedback */;
			targetProxy = 03F6A077180AFCD700C2EB03 /* PBXContainerItemProxy */;
		};
		03FCEC5216BFE4DB00F35E4A /* PBXTargetDependency */ = {
			isa = PBXTargetDependency;
			target = 03193FE216BFAC41008FE899 /* SmoothMouseDaemon */;
			targetProxy = 03FCEC5116BFE4DB00F35E4A /* PBXContainerItemProxy */;
		};
/* End PBXTargetDependency section */

/* Begin PBXVariantGroup section */
		03193FE916BFAC41008FE899 /* InfoPlist.strings */ = {
			isa = PBXVariantGroup;
			children = (
				03193FEA16BFAC41008FE899 /* en */,
			);
			name = InfoPlist.strings;
			sourceTree = "<group>";
		};
		03193FEF16BFAC41008FE899 /* Credits.rtf */ = {
			isa = PBXVariantGroup;
			children = (
				03193FF016BFAC41008FE899 /* en */,
			);
			name = Credits.rtf;
			sourceTree = "<group>";
		};
		03DB20C51620CB5900CF4299 /* InfoPlist.strings */ = {
			isa = PBXVariantGroup;
			children = (
				03DB20C61620CB5900CF4299 /* en */,
			);
			name = InfoPlist.strings;
			sourceTree = "<group>";
		};
		03F6A05D180AF8A500C2EB03 /* InfoPlist.strings */ = {
			isa = PBXVariantGroup;
			children = (
				03F6A05E180AF8A500C2EB03 /* en */,
			);
			name = InfoPlist.strings;
			sourceTree = "<group>";
		};
		ED0E120714D54950008704EC /* InfoPlist.strings */ = {
			isa = PBXVariantGroup;
			children = (
				ED0E120814D54950008704EC /* en */,
			);
			name = InfoPlist.strings;
			path = ../SmoothMouseKext;
			sourceTree = "<group>";
		};
		ED0E122314D5495F008704EC /* InfoPlist.strings */ = {
			isa = PBXVariantGroup;
			children = (
				ED0E122414D5495F008704EC /* en */,
			);
			name = InfoPlist.strings;
			sourceTree = "<group>";
		};
		ED13219814D6713200D07CC3 /* SmoothMousePrefPane.xib */ = {
			isa = PBXVariantGroup;
			children = (
				ED13219914D6713200D07CC3 /* en */,
			);
			name = SmoothMousePrefPane.xib;
			path = ../SmoothMouseKext;
			sourceTree = "<group>";
		};
/* End PBXVariantGroup section */

/* Begin XCBuildConfiguration section */
		03193FF816BFAC41008FE899 /* Debug */ = {
			isa = XCBuildConfiguration;
			buildSettings = {
				ALWAYS_SEARCH_USER_PATHS = NO;
				ARCHS = "$(ARCHS_STANDARD_32_64_BIT)";
				CLANG_CXX_LANGUAGE_STANDARD = "gnu++0x";
				CLANG_CXX_LIBRARY = "libstdc++";
				CLANG_ENABLE_OBJC_ARC = NO;
				CLANG_WARN_EMPTY_BODY = YES;
				CLANG_WARN__DUPLICATE_METHOD_MATCH = YES;
				COMBINE_HIDPI_IMAGES = YES;
				COPY_PHASE_STRIP = NO;
				GCC_C_LANGUAGE_STANDARD = gnu99;
				GCC_DYNAMIC_NO_PIC = NO;
				GCC_ENABLE_OBJC_EXCEPTIONS = YES;
				GCC_OPTIMIZATION_LEVEL = 0;
				GCC_PRECOMPILE_PREFIX_HEADER = YES;
				GCC_PREFIX_HEADER = "SmoothMouseDaemon/SmoothMouseDaemon-Prefix.pch";
				GCC_PREPROCESSOR_DEFINITIONS = (
					"DEBUG=1",
					"$(inherited)",
				);
				GCC_SYMBOLS_PRIVATE_EXTERN = NO;
				GCC_WARN_64_TO_32_BIT_CONVERSION = YES;
				GCC_WARN_ABOUT_RETURN_TYPE = YES;
				GCC_WARN_UNINITIALIZED_AUTOS = YES;
				GCC_WARN_UNUSED_VARIABLE = YES;
				INFOPLIST_FILE = "SmoothMouseDaemon/SmoothMouseDaemon-Info.plist";
				MACOSX_DEPLOYMENT_TARGET = 10.6;
				ONLY_ACTIVE_ARCH = NO;
				PRODUCT_NAME = "$(TARGET_NAME)";
				SDKROOT = macosx;
				WRAPPER_EXTENSION = app;
			};
			name = Debug;
		};
		03193FF916BFAC41008FE899 /* Release */ = {
			isa = XCBuildConfiguration;
			buildSettings = {
				ALWAYS_SEARCH_USER_PATHS = NO;
				ARCHS = "$(ARCHS_STANDARD_32_64_BIT)";
				CLANG_CXX_LANGUAGE_STANDARD = "gnu++0x";
				CLANG_CXX_LIBRARY = "libstdc++";
				CLANG_ENABLE_OBJC_ARC = NO;
				CLANG_WARN_EMPTY_BODY = YES;
				CLANG_WARN__DUPLICATE_METHOD_MATCH = YES;
				COMBINE_HIDPI_IMAGES = YES;
				COPY_PHASE_STRIP = YES;
				DEBUG_INFORMATION_FORMAT = "dwarf-with-dsym";
				GCC_C_LANGUAGE_STANDARD = gnu99;
				GCC_ENABLE_OBJC_EXCEPTIONS = YES;
				GCC_PRECOMPILE_PREFIX_HEADER = YES;
				GCC_PREFIX_HEADER = "SmoothMouseDaemon/SmoothMouseDaemon-Prefix.pch";
				GCC_WARN_64_TO_32_BIT_CONVERSION = YES;
				GCC_WARN_ABOUT_RETURN_TYPE = YES;
				GCC_WARN_UNINITIALIZED_AUTOS = YES;
				GCC_WARN_UNUSED_VARIABLE = YES;
				INFOPLIST_FILE = "SmoothMouseDaemon/SmoothMouseDaemon-Info.plist";
				MACOSX_DEPLOYMENT_TARGET = 10.6;
				ONLY_ACTIVE_ARCH = NO;
				PRODUCT_NAME = "$(TARGET_NAME)";
				SDKROOT = macosx;
				WRAPPER_EXTENSION = app;
			};
			name = Release;
		};
		03DB20E91620CB5A00CF4299 /* Debug */ = {
			isa = XCBuildConfiguration;
			buildSettings = {
				ALWAYS_SEARCH_USER_PATHS = NO;
				ARCHS = "$(ARCHS_STANDARD_32_64_BIT)";
				CLANG_CXX_LANGUAGE_STANDARD = "gnu++0x";
				CLANG_ENABLE_OBJC_ARC = NO;
				CLANG_WARN__DUPLICATE_METHOD_MATCH = YES;
				COMBINE_HIDPI_IMAGES = YES;
				COPY_PHASE_STRIP = NO;
				FRAMEWORK_SEARCH_PATHS = (
					"$(inherited)",
					"\"$(SRCROOT)/Dependencies\"",
				);
				GCC_C_LANGUAGE_STANDARD = gnu99;
				GCC_DYNAMIC_NO_PIC = NO;
				GCC_ENABLE_OBJC_EXCEPTIONS = YES;
				GCC_OPTIMIZATION_LEVEL = 0;
				GCC_PRECOMPILE_PREFIX_HEADER = YES;
				GCC_PREFIX_HEADER = "SmoothMouseUpdater/SmoothMouseUpdater-Prefix.pch";
				GCC_PREPROCESSOR_DEFINITIONS = (
					"DEBUG=1",
					"$(inherited)",
				);
				GCC_SYMBOLS_PRIVATE_EXTERN = NO;
				GCC_WARN_64_TO_32_BIT_CONVERSION = YES;
				GCC_WARN_ABOUT_RETURN_TYPE = YES;
				GCC_WARN_UNINITIALIZED_AUTOS = YES;
				GCC_WARN_UNUSED_VARIABLE = YES;
				INFOPLIST_FILE = "SmoothMouseUpdater/SmoothMouseUpdater-Info.plist";
				MACOSX_DEPLOYMENT_TARGET = 10.6;
				ONLY_ACTIVE_ARCH = NO;
				PRODUCT_NAME = "$(TARGET_NAME)";
				SDKROOT = macosx;
				WRAPPER_EXTENSION = app;
			};
			name = Debug;
		};
		03DB20EA1620CB5A00CF4299 /* Release */ = {
			isa = XCBuildConfiguration;
			buildSettings = {
				ALWAYS_SEARCH_USER_PATHS = NO;
				ARCHS = "$(ARCHS_STANDARD_32_64_BIT)";
				CLANG_CXX_LANGUAGE_STANDARD = "gnu++0x";
				CLANG_ENABLE_OBJC_ARC = NO;
				CLANG_WARN__DUPLICATE_METHOD_MATCH = YES;
				COMBINE_HIDPI_IMAGES = YES;
				COPY_PHASE_STRIP = YES;
				DEBUG_INFORMATION_FORMAT = "dwarf-with-dsym";
				FRAMEWORK_SEARCH_PATHS = (
					"$(inherited)",
					"\"$(SRCROOT)/Dependencies\"",
				);
				GCC_C_LANGUAGE_STANDARD = gnu99;
				GCC_ENABLE_OBJC_EXCEPTIONS = YES;
				GCC_PRECOMPILE_PREFIX_HEADER = YES;
				GCC_PREFIX_HEADER = "SmoothMouseUpdater/SmoothMouseUpdater-Prefix.pch";
				GCC_WARN_64_TO_32_BIT_CONVERSION = YES;
				GCC_WARN_ABOUT_RETURN_TYPE = YES;
				GCC_WARN_UNINITIALIZED_AUTOS = YES;
				GCC_WARN_UNUSED_VARIABLE = YES;
				INFOPLIST_FILE = "SmoothMouseUpdater/SmoothMouseUpdater-Info.plist";
				MACOSX_DEPLOYMENT_TARGET = 10.6;
				PRODUCT_NAME = "$(TARGET_NAME)";
				SDKROOT = macosx;
				WRAPPER_EXTENSION = app;
			};
			name = Release;
		};
		03DB20FD1621798800CF4299 /* Debug */ = {
			isa = XCBuildConfiguration;
			buildSettings = {
				PRODUCT_NAME = "$(TARGET_NAME)";
			};
			name = Debug;
		};
		03DB20FE1621798800CF4299 /* Release */ = {
			isa = XCBuildConfiguration;
			buildSettings = {
				PRODUCT_NAME = "$(TARGET_NAME)";
			};
			name = Release;
		};
		03F6A06C180AF8A500C2EB03 /* Debug */ = {
			isa = XCBuildConfiguration;
			buildSettings = {
				ALWAYS_SEARCH_USER_PATHS = NO;
				ARCHS = "$(ARCHS_STANDARD_64_BIT)";
				CLANG_CXX_LANGUAGE_STANDARD = "gnu++0x";
				CLANG_CXX_LIBRARY = "libc++";
				CLANG_ENABLE_OBJC_ARC = NO;
				CLANG_WARN_CONSTANT_CONVERSION = YES;
				CLANG_WARN_EMPTY_BODY = YES;
				CLANG_WARN_ENUM_CONVERSION = YES;
				CLANG_WARN_INT_CONVERSION = YES;
				CLANG_WARN__DUPLICATE_METHOD_MATCH = YES;
				COMBINE_HIDPI_IMAGES = YES;
				COPY_PHASE_STRIP = NO;
				FRAMEWORK_SEARCH_PATHS = (
					"$(inherited)",
					"\"$(SRCROOT)/Dependencies\"",
				);
				GCC_C_LANGUAGE_STANDARD = gnu99;
				GCC_DYNAMIC_NO_PIC = NO;
				GCC_ENABLE_OBJC_EXCEPTIONS = YES;
				GCC_OPTIMIZATION_LEVEL = 0;
				GCC_PRECOMPILE_PREFIX_HEADER = YES;
				GCC_PREFIX_HEADER = "SmoothMouseFeedback/SmoothMouseFeedback-Prefix.pch";
				GCC_PREPROCESSOR_DEFINITIONS = (
					"DEBUG=1",
					"$(inherited)",
				);
				GCC_SYMBOLS_PRIVATE_EXTERN = NO;
				GCC_WARN_64_TO_32_BIT_CONVERSION = YES;
				GCC_WARN_ABOUT_RETURN_TYPE = YES;
				GCC_WARN_UNINITIALIZED_AUTOS = YES;
				GCC_WARN_UNUSED_VARIABLE = YES;
				INFOPLIST_FILE = "SmoothMouseFeedback/SmoothMouseFeedback-Info.plist";
				MACOSX_DEPLOYMENT_TARGET = 10.6;
				ONLY_ACTIVE_ARCH = YES;
				PRODUCT_NAME = "$(TARGET_NAME)";
				SDKROOT = macosx;
				WRAPPER_EXTENSION = app;
			};
			name = Debug;
		};
		03F6A06D180AF8A500C2EB03 /* Release */ = {
			isa = XCBuildConfiguration;
			buildSettings = {
				ALWAYS_SEARCH_USER_PATHS = NO;
				ARCHS = "$(ARCHS_STANDARD_64_BIT)";
				CLANG_CXX_LANGUAGE_STANDARD = "gnu++0x";
				CLANG_CXX_LIBRARY = "libc++";
				CLANG_ENABLE_OBJC_ARC = NO;
				CLANG_WARN_CONSTANT_CONVERSION = YES;
				CLANG_WARN_EMPTY_BODY = YES;
				CLANG_WARN_ENUM_CONVERSION = YES;
				CLANG_WARN_INT_CONVERSION = YES;
				CLANG_WARN__DUPLICATE_METHOD_MATCH = YES;
				COMBINE_HIDPI_IMAGES = YES;
				COPY_PHASE_STRIP = YES;
				DEBUG_INFORMATION_FORMAT = "dwarf-with-dsym";
				FRAMEWORK_SEARCH_PATHS = (
					"$(inherited)",
					"\"$(SRCROOT)/Dependencies\"",
				);
				GCC_C_LANGUAGE_STANDARD = gnu99;
				GCC_ENABLE_OBJC_EXCEPTIONS = YES;
				GCC_PRECOMPILE_PREFIX_HEADER = YES;
				GCC_PREFIX_HEADER = "SmoothMouseFeedback/SmoothMouseFeedback-Prefix.pch";
				GCC_WARN_64_TO_32_BIT_CONVERSION = YES;
				GCC_WARN_ABOUT_RETURN_TYPE = YES;
				GCC_WARN_UNINITIALIZED_AUTOS = YES;
				GCC_WARN_UNUSED_VARIABLE = YES;
				INFOPLIST_FILE = "SmoothMouseFeedback/SmoothMouseFeedback-Info.plist";
				MACOSX_DEPLOYMENT_TARGET = 10.6;
				PRODUCT_NAME = "$(TARGET_NAME)";
				SDKROOT = macosx;
				WRAPPER_EXTENSION = app;
			};
			name = Release;
		};
		ED0E11F714D5493A008704EC /* Debug */ = {
			isa = XCBuildConfiguration;
			buildSettings = {
			};
			name = Debug;
		};
		ED0E11F814D5493A008704EC /* Release */ = {
			isa = XCBuildConfiguration;
			buildSettings = {
			};
			name = Release;
		};
		ED0E123114D5495F008704EC /* Debug */ = {
			isa = XCBuildConfiguration;
			buildSettings = {
				ALWAYS_SEARCH_USER_PATHS = NO;
				ARCHS = "$(ARCHS_STANDARD_32_64_BIT)";
				CLANG_ENABLE_OBJC_ARC = NO;
				COPY_PHASE_STRIP = NO;
				FRAMEWORK_SEARCH_PATHS = (
					"$(inherited)",
					"\"$(SRCROOT)/Dependencies\"",
				);
				GCC_C_LANGUAGE_STANDARD = gnu99;
				GCC_DYNAMIC_NO_PIC = NO;
				GCC_ENABLE_OBJC_EXCEPTIONS = YES;
				GCC_ENABLE_OBJC_GC = supported;
				GCC_OPTIMIZATION_LEVEL = 0;
				GCC_PRECOMPILE_PREFIX_HEADER = YES;
				GCC_PREFIX_HEADER = "SmoothMousePrefPane/SmoothMousePrefPane-Prefix.pch";
				GCC_PREPROCESSOR_DEFINITIONS = DEBUG;
				GCC_SYMBOLS_PRIVATE_EXTERN = NO;
				GCC_VERSION = com.apple.compilers.llvm.clang.1_0;
				GCC_WARN_64_TO_32_BIT_CONVERSION = YES;
				GCC_WARN_ABOUT_DEPRECATED_FUNCTIONS = YES;
				GCC_WARN_ABOUT_RETURN_TYPE = YES;
				GCC_WARN_UNUSED_VARIABLE = YES;
				INFOPLIST_FILE = "SmoothMousePrefPane/SmoothMousePrefPane-Info.plist";
				INSTALL_PATH = "$(HOME)/Library/PreferencePanes";
				LIBRARY_SEARCH_PATHS = (
					"$(inherited)",
					"\"$(SDKROOT)/usr/lib/system\"",
				);
				MACOSX_DEPLOYMENT_TARGET = 10.6;
				ONLY_ACTIVE_ARCH = NO;
				PRODUCT_NAME = SmoothMouse;
				SDKROOT = macosx;
				WRAPPER_EXTENSION = prefPane;
			};
			name = Debug;
		};
		ED0E123214D5495F008704EC /* Release */ = {
			isa = XCBuildConfiguration;
			buildSettings = {
				ALWAYS_SEARCH_USER_PATHS = NO;
				ARCHS = "$(ARCHS_STANDARD_32_64_BIT)";
				CLANG_ENABLE_OBJC_ARC = NO;
				COPY_PHASE_STRIP = YES;
				DEBUG_INFORMATION_FORMAT = "dwarf-with-dsym";
				FRAMEWORK_SEARCH_PATHS = (
					"$(inherited)",
					"\"$(SRCROOT)/Dependencies\"",
				);
				GCC_C_LANGUAGE_STANDARD = gnu99;
				GCC_ENABLE_OBJC_EXCEPTIONS = YES;
				GCC_ENABLE_OBJC_GC = supported;
				GCC_PRECOMPILE_PREFIX_HEADER = YES;
				GCC_PREFIX_HEADER = "SmoothMousePrefPane/SmoothMousePrefPane-Prefix.pch";
				GCC_VERSION = com.apple.compilers.llvm.clang.1_0;
				GCC_WARN_64_TO_32_BIT_CONVERSION = YES;
				GCC_WARN_ABOUT_DEPRECATED_FUNCTIONS = YES;
				GCC_WARN_ABOUT_RETURN_TYPE = YES;
				GCC_WARN_UNUSED_VARIABLE = YES;
				INFOPLIST_FILE = "SmoothMousePrefPane/SmoothMousePrefPane-Info.plist";
				INSTALL_PATH = "$(HOME)/Library/PreferencePanes";
				LIBRARY_SEARCH_PATHS = (
					"$(inherited)",
					"\"$(SDKROOT)/usr/lib/system\"",
				);
				MACOSX_DEPLOYMENT_TARGET = 10.6;
				ONLY_ACTIVE_ARCH = NO;
				PRODUCT_NAME = SmoothMouse;
				SDKROOT = macosx;
				WRAPPER_EXTENSION = prefPane;
			};
			name = Release;
		};
/* End XCBuildConfiguration section */

/* Begin XCConfigurationList section */
		03193FFA16BFAC41008FE899 /* Build configuration list for PBXNativeTarget "SmoothMouseDaemon" */ = {
			isa = XCConfigurationList;
			buildConfigurations = (
				03193FF816BFAC41008FE899 /* Debug */,
				03193FF916BFAC41008FE899 /* Release */,
			);
			defaultConfigurationIsVisible = 0;
			defaultConfigurationName = Release;
		};
		03DB20E81620CB5A00CF4299 /* Build configuration list for PBXNativeTarget "SmoothMouseUpdater" */ = {
			isa = XCConfigurationList;
			buildConfigurations = (
				03DB20E91620CB5A00CF4299 /* Debug */,
				03DB20EA1620CB5A00CF4299 /* Release */,
			);
			defaultConfigurationIsVisible = 0;
			defaultConfigurationName = Release;
		};
		03DB20FC1621798800CF4299 /* Build configuration list for PBXAggregateTarget "SmoothMouseBuild" */ = {
			isa = XCConfigurationList;
			buildConfigurations = (
				03DB20FD1621798800CF4299 /* Debug */,
				03DB20FE1621798800CF4299 /* Release */,
			);
			defaultConfigurationIsVisible = 0;
			defaultConfigurationName = Release;
		};
		03F6A06E180AF8A500C2EB03 /* Build configuration list for PBXNativeTarget "SmoothMouseFeedback" */ = {
			isa = XCConfigurationList;
			buildConfigurations = (
				03F6A06C180AF8A500C2EB03 /* Debug */,
				03F6A06D180AF8A500C2EB03 /* Release */,
			);
			defaultConfigurationIsVisible = 0;
			defaultConfigurationName = Release;
		};
		ED0E11F514D5493A008704EC /* Build configuration list for PBXProject "SmoothMouse" */ = {
			isa = XCConfigurationList;
			buildConfigurations = (
				ED0E11F714D5493A008704EC /* Debug */,
				ED0E11F814D5493A008704EC /* Release */,
			);
			defaultConfigurationIsVisible = 0;
			defaultConfigurationName = Release;
		};
		ED0E123014D5495F008704EC /* Build configuration list for PBXNativeTarget "SmoothMousePrefPane" */ = {
			isa = XCConfigurationList;
			buildConfigurations = (
				ED0E123114D5495F008704EC /* Debug */,
				ED0E123214D5495F008704EC /* Release */,
			);
			defaultConfigurationIsVisible = 0;
			defaultConfigurationName = Release;
		};
/* End XCConfigurationList section */
	};
	rootObject = ED0E11F214D5493A008704EC /* Project object */;
}
