// !$*UTF8*$!
{
	archiveVersion = 1;
	classes = {
	};
	objectVersion = 46;
	objects = {

/* Begin PBXAggregateTarget section */
		03DB20FB1621798800CF4299 /* SmoothMouseBuild */ = {
			isa = PBXAggregateTarget;
			buildConfigurationList = 03DB20FC1621798800CF4299 /* Build configuration list for PBXAggregateTarget "SmoothMouseBuild" */;
			buildPhases = (
				03DB2105162179A600CF4299 /* ShellScript */,
			);
			dependencies = (
				03DB21001621799400CF4299 /* PBXTargetDependency */,
				03DB21021621799600CF4299 /* PBXTargetDependency */,
				03DB21041621799700CF4299 /* PBXTargetDependency */,
			);
			name = SmoothMouseBuild;
			productName = SmoothMouseBuild;
		};
/* End PBXAggregateTarget section */

/* Begin PBXBuildFile section */
		031386A91628B36000A04755 /* UrlLabel.h in Headers */ = {isa = PBXBuildFile; fileRef = 031386A71628B36000A04755 /* UrlLabel.h */; };
		031386AA1628B36000A04755 /* UrlLabel.m in Sources */ = {isa = PBXBuildFile; fileRef = 031386A81628B36000A04755 /* UrlLabel.m */; };
		034215B41631F2BA0047E370 /* uninstall.sh in Resources */ = {isa = PBXBuildFile; fileRef = 03D020D41631F22A00CD04C1 /* uninstall.sh */; };
		0356EAE9162F436B001C371E /* accel_util.m in Sources */ = {isa = PBXBuildFile; fileRef = 0356EAE8162F436B001C371E /* accel_util.m */; };
		036C5434160F50C600110497 /* debug.m in Sources */ = {isa = PBXBuildFile; fileRef = 036C5433160F50C600110497 /* debug.m */; };
		03BA2100161F757D0014A74E /* dsa_pub.pem in Resources */ = {isa = PBXBuildFile; fileRef = 03BA20FF161F757D0014A74E /* dsa_pub.pem */; };
		03D020BD1631D0DA00CD04C1 /* Credits.rtf in Resources */ = {isa = PBXBuildFile; fileRef = 03D020BC1631D0DA00CD04C1 /* Credits.rtf */; };
		03DB20C11620CB5900CF4299 /* Cocoa.framework in Frameworks */ = {isa = PBXBuildFile; fileRef = ED0E121914D5495F008704EC /* Cocoa.framework */; };
		03DB20C71620CB5900CF4299 /* InfoPlist.strings in Resources */ = {isa = PBXBuildFile; fileRef = 03DB20C51620CB5900CF4299 /* InfoPlist.strings */; };
		03DB20C91620CB5900CF4299 /* main.m in Sources */ = {isa = PBXBuildFile; fileRef = 03DB20C81620CB5900CF4299 /* main.m */; };
		03DB20CD1620CB5900CF4299 /* Credits.rtf in Resources */ = {isa = PBXBuildFile; fileRef = 03DB20CB1620CB5900CF4299 /* Credits.rtf */; };
		03DB20D01620CB5900CF4299 /* AppDelegate.m in Sources */ = {isa = PBXBuildFile; fileRef = 03DB20CF1620CB5900CF4299 /* AppDelegate.m */; };
		03F3CBB416220E0700D9A857 /* Sparkle.framework in Frameworks */ = {isa = PBXBuildFile; fileRef = 03F3CBB316220E0400D9A857 /* Sparkle.framework */; };
		03F3CBB516220E0D00D9A857 /* Sparkle.framework in CopyFiles */ = {isa = PBXBuildFile; fileRef = 03F3CBB316220E0400D9A857 /* Sparkle.framework */; };
		ED03CFA115D7D96000763D81 /* ApplicationServices.framework in Frameworks */ = {isa = PBXBuildFile; fileRef = ED03CFA015D7D96000763D81 /* ApplicationServices.framework */; };
		ED03CFA315D7D97400763D81 /* IOKit.framework in Frameworks */ = {isa = PBXBuildFile; fileRef = ED03CFA215D7D97400763D81 /* IOKit.framework */; };
		ED03CFA615D7D9B500763D81 /* ServiceManagement.framework in Frameworks */ = {isa = PBXBuildFile; fileRef = ED03CFA515D7D9B500763D81 /* ServiceManagement.framework */; };
		ED0E121A14D5495F008704EC /* Cocoa.framework in Frameworks */ = {isa = PBXBuildFile; fileRef = ED0E121914D5495F008704EC /* Cocoa.framework */; };
		ED0E121C14D5495F008704EC /* PreferencePanes.framework in Frameworks */ = {isa = PBXBuildFile; fileRef = ED0E121B14D5495F008704EC /* PreferencePanes.framework */; };
		ED0E122514D5495F008704EC /* InfoPlist.strings in Resources */ = {isa = PBXBuildFile; fileRef = ED0E122314D5495F008704EC /* InfoPlist.strings */; };
		ED0E122814D5495F008704EC /* SmoothMousePrefPane.h in Headers */ = {isa = PBXBuildFile; fileRef = ED0E122714D5495F008704EC /* SmoothMousePrefPane.h */; };
		ED0E122A14D5495F008704EC /* SmoothMousePrefPane.m in Sources */ = {isa = PBXBuildFile; fileRef = ED0E122914D5495F008704EC /* SmoothMousePrefPane.m */; };
		ED0E123A14D5496F008704EC /* Foundation.framework in Frameworks */ = {isa = PBXBuildFile; fileRef = ED0E123914D5496F008704EC /* Foundation.framework */; };
		ED0E123D14D5496F008704EC /* daemon.m in Sources */ = {isa = PBXBuildFile; fileRef = ED0E123C14D5496F008704EC /* daemon.m */; };
		ED13219A14D6713200D07CC3 /* SmoothMousePrefPane.xib in Resources */ = {isa = PBXBuildFile; fileRef = ED13219814D6713200D07CC3 /* SmoothMousePrefPane.xib */; };
		ED13219C14D6721800D07CC3 /* SmoothMousePrefPane.icns in Resources */ = {isa = PBXBuildFile; fileRef = ED13219B14D6721800D07CC3 /* SmoothMousePrefPane.icns */; };
/* End PBXBuildFile section */

/* Begin PBXContainerItemProxy section */
		03DB20FF1621799400CF4299 /* PBXContainerItemProxy */ = {
			isa = PBXContainerItemProxy;
			containerPortal = ED0E11F214D5493A008704EC /* Project object */;
			proxyType = 1;
			remoteGlobalIDString = ED0E121714D5495F008704EC;
			remoteInfo = SmoothMousePrefPane;
		};
		03DB21011621799600CF4299 /* PBXContainerItemProxy */ = {
			isa = PBXContainerItemProxy;
			containerPortal = ED0E11F214D5493A008704EC /* Project object */;
			proxyType = 1;
			remoteGlobalIDString = ED0E123614D5496E008704EC;
			remoteInfo = smoothmoused;
		};
		03DB21031621799700CF4299 /* PBXContainerItemProxy */ = {
			isa = PBXContainerItemProxy;
			containerPortal = ED0E11F214D5493A008704EC /* Project object */;
			proxyType = 1;
			remoteGlobalIDString = 03DB20BE1620CB5900CF4299;
			remoteInfo = SmoothMouseUpdater;
		};
/* End PBXContainerItemProxy section */

/* Begin PBXCopyFilesBuildPhase section */
		03DB20161620BD2900CF4299 /* CopyFiles */ = {
			isa = PBXCopyFilesBuildPhase;
			buildActionMask = 2147483647;
			dstPath = "";
			dstSubfolderSpec = 10;
			files = (
			);
			runOnlyForDeploymentPostprocessing = 0;
		};
		03DB20EF1620D17E00CF4299 /* CopyFiles */ = {
			isa = PBXCopyFilesBuildPhase;
			buildActionMask = 2147483647;
			dstPath = "";
			dstSubfolderSpec = 10;
			files = (
				03F3CBB516220E0D00D9A857 /* Sparkle.framework in CopyFiles */,
			);
			runOnlyForDeploymentPostprocessing = 0;
		};
		ED0E123514D5496E008704EC /* CopyFiles */ = {
			isa = PBXCopyFilesBuildPhase;
			buildActionMask = 2147483647;
			dstPath = /usr/share/man/man1/;
			dstSubfolderSpec = 0;
			files = (
			);
			runOnlyForDeploymentPostprocessing = 1;
		};
/* End PBXCopyFilesBuildPhase section */

/* Begin PBXFileReference section */
		031386A71628B36000A04755 /* UrlLabel.h */ = {isa = PBXFileReference; fileEncoding = 4; lastKnownFileType = sourcecode.c.h; path = UrlLabel.h; sourceTree = "<group>"; };
		031386A81628B36000A04755 /* UrlLabel.m */ = {isa = PBXFileReference; fileEncoding = 4; lastKnownFileType = sourcecode.c.objc; path = UrlLabel.m; sourceTree = "<group>"; };
		0356EAE8162F436B001C371E /* accel_util.m */ = {isa = PBXFileReference; fileEncoding = 4; lastKnownFileType = sourcecode.c.objc; path = accel_util.m; sourceTree = "<group>"; };
		0356EAEB162F4387001C371E /* accel_util.h */ = {isa = PBXFileReference; lastKnownFileType = sourcecode.c.h; path = accel_util.h; sourceTree = "<group>"; };
		036C5433160F50C600110497 /* debug.m */ = {isa = PBXFileReference; fileEncoding = 4; lastKnownFileType = sourcecode.c.objc; path = debug.m; sourceTree = "<group>"; };
		036C5436160F50D300110497 /* debug.h */ = {isa = PBXFileReference; lastKnownFileType = sourcecode.c.h; path = debug.h; sourceTree = "<group>"; };
		03BA20FF161F757D0014A74E /* dsa_pub.pem */ = {isa = PBXFileReference; fileEncoding = 4; lastKnownFileType = text; path = dsa_pub.pem; sourceTree = "<group>"; };
		03D020BC1631D0DA00CD04C1 /* Credits.rtf */ = {isa = PBXFileReference; fileEncoding = 4; lastKnownFileType = text.rtf; path = Credits.rtf; sourceTree = "<group>"; };
		03D020D41631F22A00CD04C1 /* uninstall.sh */ = {isa = PBXFileReference; lastKnownFileType = text.script.sh; path = uninstall.sh; sourceTree = "<group>"; };
		03DB20191620BF3B00CF4299 /* SmoothMouse.prefPane */ = {isa = PBXFileReference; lastKnownFileType = wrapper; name = SmoothMouse.prefPane; path = ../../../../Library/PreferencePanes/SmoothMouse.prefPane; sourceTree = "<group>"; };
		03DB20BF1620CB5900CF4299 /* SmoothMouseUpdater.app */ = {isa = PBXFileReference; explicitFileType = wrapper.application; includeInIndex = 0; path = SmoothMouseUpdater.app; sourceTree = BUILT_PRODUCTS_DIR; };
		03DB20C41620CB5900CF4299 /* SmoothMouseUpdater-Info.plist */ = {isa = PBXFileReference; lastKnownFileType = text.plist.xml; path = "SmoothMouseUpdater-Info.plist"; sourceTree = "<group>"; };
		03DB20C61620CB5900CF4299 /* en */ = {isa = PBXFileReference; lastKnownFileType = text.plist.strings; name = en; path = en.lproj/InfoPlist.strings; sourceTree = "<group>"; };
		03DB20C81620CB5900CF4299 /* main.m */ = {isa = PBXFileReference; lastKnownFileType = sourcecode.c.objc; path = main.m; sourceTree = "<group>"; };
		03DB20CA1620CB5900CF4299 /* SmoothMouseUpdater-Prefix.pch */ = {isa = PBXFileReference; lastKnownFileType = sourcecode.c.h; path = "SmoothMouseUpdater-Prefix.pch"; sourceTree = "<group>"; };
		03DB20CC1620CB5900CF4299 /* en */ = {isa = PBXFileReference; lastKnownFileType = text.rtf; name = en; path = en.lproj/Credits.rtf; sourceTree = "<group>"; };
		03DB20CE1620CB5900CF4299 /* AppDelegate.h */ = {isa = PBXFileReference; lastKnownFileType = sourcecode.c.h; path = AppDelegate.h; sourceTree = "<group>"; };
		03DB20CF1620CB5900CF4299 /* AppDelegate.m */ = {isa = PBXFileReference; lastKnownFileType = sourcecode.c.objc; path = AppDelegate.m; sourceTree = "<group>"; };
		03DB20DA1620CB5A00CF4299 /* SenTestingKit.framework */ = {isa = PBXFileReference; lastKnownFileType = wrapper.framework; name = SenTestingKit.framework; path = Library/Frameworks/SenTestingKit.framework; sourceTree = DEVELOPER_DIR; };
		03F3CBB316220E0400D9A857 /* Sparkle.framework */ = {isa = PBXFileReference; lastKnownFileType = wrapper.framework; name = Sparkle.framework; path = Dependencies/Sparkle.framework; sourceTree = "<group>"; };
		ED03CF9E15D7D95200763D81 /* SystemConfiguration.framework */ = {isa = PBXFileReference; lastKnownFileType = wrapper.framework; name = SystemConfiguration.framework; path = System/Library/Frameworks/SystemConfiguration.framework; sourceTree = SDKROOT; };
		ED03CFA015D7D96000763D81 /* ApplicationServices.framework */ = {isa = PBXFileReference; lastKnownFileType = wrapper.framework; name = ApplicationServices.framework; path = System/Library/Frameworks/ApplicationServices.framework; sourceTree = SDKROOT; };
		ED03CFA215D7D97400763D81 /* IOKit.framework */ = {isa = PBXFileReference; lastKnownFileType = wrapper.framework; name = IOKit.framework; path = System/Library/Frameworks/IOKit.framework; sourceTree = SDKROOT; };
		ED03CFA515D7D9B500763D81 /* ServiceManagement.framework */ = {isa = PBXFileReference; lastKnownFileType = wrapper.framework; name = ServiceManagement.framework; path = System/Library/Frameworks/ServiceManagement.framework; sourceTree = SDKROOT; };
		ED0E120314D54950008704EC /* Kernel.framework */ = {isa = PBXFileReference; lastKnownFileType = wrapper.framework; name = Kernel.framework; path = System/Library/Frameworks/Kernel.framework; sourceTree = SDKROOT; };
		ED0E120814D54950008704EC /* en */ = {isa = PBXFileReference; lastKnownFileType = text.plist.strings; name = en; path = en.lproj/InfoPlist.strings; sourceTree = "<group>"; };
		ED0E120A14D54950008704EC /* SmoothMouseKext-Prefix.pch */ = {isa = PBXFileReference; lastKnownFileType = sourcecode.c.h; name = "SmoothMouseKext-Prefix.pch"; path = "../SmoothMouseKext/SmoothMouseKext-Prefix.pch"; sourceTree = "<group>"; };
		ED0E121814D5495F008704EC /* SmoothMouse.prefPane */ = {isa = PBXFileReference; explicitFileType = wrapper.cfbundle; includeInIndex = 0; path = SmoothMouse.prefPane; sourceTree = BUILT_PRODUCTS_DIR; };
		ED0E121914D5495F008704EC /* Cocoa.framework */ = {isa = PBXFileReference; lastKnownFileType = wrapper.framework; name = Cocoa.framework; path = System/Library/Frameworks/Cocoa.framework; sourceTree = SDKROOT; };
		ED0E121B14D5495F008704EC /* PreferencePanes.framework */ = {isa = PBXFileReference; lastKnownFileType = wrapper.framework; name = PreferencePanes.framework; path = System/Library/Frameworks/PreferencePanes.framework; sourceTree = SDKROOT; };
		ED0E121D14D5495F008704EC /* AppKit.framework */ = {isa = PBXFileReference; lastKnownFileType = wrapper.framework; name = AppKit.framework; path = System/Library/Frameworks/AppKit.framework; sourceTree = SDKROOT; };
		ED0E121E14D5495F008704EC /* CoreData.framework */ = {isa = PBXFileReference; lastKnownFileType = wrapper.framework; name = CoreData.framework; path = System/Library/Frameworks/CoreData.framework; sourceTree = SDKROOT; };
		ED0E121F14D5495F008704EC /* Foundation.framework */ = {isa = PBXFileReference; lastKnownFileType = wrapper.framework; name = Foundation.framework; path = System/Library/Frameworks/Foundation.framework; sourceTree = SDKROOT; };
		ED0E122214D5495F008704EC /* SmoothMousePrefPane-Info.plist */ = {isa = PBXFileReference; lastKnownFileType = text.plist.xml; path = "SmoothMousePrefPane-Info.plist"; sourceTree = "<group>"; };
		ED0E122414D5495F008704EC /* en */ = {isa = PBXFileReference; lastKnownFileType = text.plist.strings; name = en; path = en.lproj/InfoPlist.strings; sourceTree = "<group>"; };
		ED0E122614D5495F008704EC /* SmoothMousePrefPane-Prefix.pch */ = {isa = PBXFileReference; lastKnownFileType = sourcecode.c.h; path = "SmoothMousePrefPane-Prefix.pch"; sourceTree = "<group>"; };
		ED0E122714D5495F008704EC /* SmoothMousePrefPane.h */ = {isa = PBXFileReference; lastKnownFileType = sourcecode.c.h; path = SmoothMousePrefPane.h; sourceTree = "<group>"; };
		ED0E122914D5495F008704EC /* SmoothMousePrefPane.m */ = {isa = PBXFileReference; lastKnownFileType = sourcecode.c.objc; path = SmoothMousePrefPane.m; sourceTree = "<group>"; };
		ED0E123714D5496E008704EC /* smoothmoused */ = {isa = PBXFileReference; explicitFileType = "compiled.mach-o.executable"; includeInIndex = 0; path = smoothmoused; sourceTree = BUILT_PRODUCTS_DIR; };
		ED0E123914D5496F008704EC /* Foundation.framework */ = {isa = PBXFileReference; lastKnownFileType = wrapper.framework; name = Foundation.framework; path = System/Library/Frameworks/Foundation.framework; sourceTree = SDKROOT; };
		ED0E123C14D5496F008704EC /* daemon.m */ = {isa = PBXFileReference; lastKnownFileType = sourcecode.c.objc; path = daemon.m; sourceTree = "<group>"; };
		ED0E123F14D5496F008704EC /* smoothmoused-Prefix.pch */ = {isa = PBXFileReference; lastKnownFileType = sourcecode.c.h; path = "smoothmoused-Prefix.pch"; sourceTree = "<group>"; };
		ED0E124E14D54A96008704EC /* kextdaemon.h */ = {isa = PBXFileReference; lastKnownFileType = sourcecode.c.h; path = kextdaemon.h; sourceTree = SOURCE_ROOT; };
		ED0E124F14D54A96008704EC /* constants.h */ = {isa = PBXFileReference; lastKnownFileType = sourcecode.c.h; path = constants.h; sourceTree = "<group>"; };
		ED13219914D6713200D07CC3 /* en */ = {isa = PBXFileReference; lastKnownFileType = file.xib; name = en; path = SmoothMousePrefPane/en.lproj/SmoothMousePrefPane.xib; sourceTree = SOURCE_ROOT; };
		ED13219B14D6721800D07CC3 /* SmoothMousePrefPane.icns */ = {isa = PBXFileReference; lastKnownFileType = image.icns; path = SmoothMousePrefPane.icns; sourceTree = "<group>"; };
/* End PBXFileReference section */

/* Begin PBXFrameworksBuildPhase section */
		03DB20BC1620CB5900CF4299 /* Frameworks */ = {
			isa = PBXFrameworksBuildPhase;
			buildActionMask = 2147483647;
			files = (
				03DB20C11620CB5900CF4299 /* Cocoa.framework in Frameworks */,
				03F3CBB416220E0700D9A857 /* Sparkle.framework in Frameworks */,
			);
			runOnlyForDeploymentPostprocessing = 0;
		};
		ED0E121314D5495F008704EC /* Frameworks */ = {
			isa = PBXFrameworksBuildPhase;
			buildActionMask = 2147483647;
			files = (
				ED03CFA615D7D9B500763D81 /* ServiceManagement.framework in Frameworks */,
				ED0E121A14D5495F008704EC /* Cocoa.framework in Frameworks */,
				ED0E121C14D5495F008704EC /* PreferencePanes.framework in Frameworks */,
			);
			runOnlyForDeploymentPostprocessing = 0;
		};
		ED0E123414D5496E008704EC /* Frameworks */ = {
			isa = PBXFrameworksBuildPhase;
			buildActionMask = 2147483647;
			files = (
				ED03CFA315D7D97400763D81 /* IOKit.framework in Frameworks */,
				ED03CFA115D7D96000763D81 /* ApplicationServices.framework in Frameworks */,
				ED0E123A14D5496F008704EC /* Foundation.framework in Frameworks */,
			);
			runOnlyForDeploymentPostprocessing = 0;
		};
/* End PBXFrameworksBuildPhase section */

/* Begin PBXGroup section */
		03DB20C21620CB5900CF4299 /* SmoothMouseUpdater */ = {
			isa = PBXGroup;
			children = (
				03DB20CE1620CB5900CF4299 /* AppDelegate.h */,
				03DB20CF1620CB5900CF4299 /* AppDelegate.m */,
				03DB20C31620CB5900CF4299 /* Supporting Files */,
			);
			path = SmoothMouseUpdater;
			sourceTree = "<group>";
		};
		03DB20C31620CB5900CF4299 /* Supporting Files */ = {
			isa = PBXGroup;
			children = (
				03DB20C41620CB5900CF4299 /* SmoothMouseUpdater-Info.plist */,
				03DB20C51620CB5900CF4299 /* InfoPlist.strings */,
				03DB20C81620CB5900CF4299 /* main.m */,
				03DB20CA1620CB5900CF4299 /* SmoothMouseUpdater-Prefix.pch */,
				03DB20CB1620CB5900CF4299 /* Credits.rtf */,
			);
			name = "Supporting Files";
			sourceTree = "<group>";
		};
		ED0E11F014D5493A008704EC = {
			isa = PBXGroup;
			children = (
				03DB20191620BF3B00CF4299 /* SmoothMouse.prefPane */,
				ED0E124F14D54A96008704EC /* constants.h */,
				ED0E124E14D54A96008704EC /* kextdaemon.h */,
				ED0E122014D5495F008704EC /* SmoothMousePrefPane */,
				ED0E123B14D5496F008704EC /* smoothmoused */,
				03DB20C21620CB5900CF4299 /* SmoothMouseUpdater */,
				ED0E120114D54950008704EC /* Frameworks */,
				ED0E120014D54950008704EC /* Products */,
			);
			sourceTree = "<group>";
		};
		ED0E120014D54950008704EC /* Products */ = {
			isa = PBXGroup;
			children = (
				ED0E121814D5495F008704EC /* SmoothMouse.prefPane */,
				ED0E123714D5496E008704EC /* smoothmoused */,
				03DB20BF1620CB5900CF4299 /* SmoothMouseUpdater.app */,
			);
			name = Products;
			sourceTree = "<group>";
		};
		ED0E120114D54950008704EC /* Frameworks */ = {
			isa = PBXGroup;
			children = (
				03F3CBB316220E0400D9A857 /* Sparkle.framework */,
				ED03CFA515D7D9B500763D81 /* ServiceManagement.framework */,
				ED03CFA215D7D97400763D81 /* IOKit.framework */,
				ED03CFA015D7D96000763D81 /* ApplicationServices.framework */,
				ED03CF9E15D7D95200763D81 /* SystemConfiguration.framework */,
				ED0E121914D5495F008704EC /* Cocoa.framework */,
				ED0E121B14D5495F008704EC /* PreferencePanes.framework */,
				ED0E123914D5496F008704EC /* Foundation.framework */,
				03DB20DA1620CB5A00CF4299 /* SenTestingKit.framework */,
				ED0E120214D54950008704EC /* Other Frameworks */,
			);
			name = Frameworks;
			sourceTree = "<group>";
		};
		ED0E120214D54950008704EC /* Other Frameworks */ = {
			isa = PBXGroup;
			children = (
				ED0E120314D54950008704EC /* Kernel.framework */,
				ED0E121D14D5495F008704EC /* AppKit.framework */,
				ED0E121E14D5495F008704EC /* CoreData.framework */,
				ED0E121F14D5495F008704EC /* Foundation.framework */,
			);
			name = "Other Frameworks";
			sourceTree = "<group>";
		};
		ED0E122014D5495F008704EC /* SmoothMousePrefPane */ = {
			isa = PBXGroup;
			children = (
				ED0E122714D5495F008704EC /* SmoothMousePrefPane.h */,
				ED13219B14D6721800D07CC3 /* SmoothMousePrefPane.icns */,
				ED0E122914D5495F008704EC /* SmoothMousePrefPane.m */,
				ED0E122114D5495F008704EC /* Supporting Files */,
				031386A71628B36000A04755 /* UrlLabel.h */,
				031386A81628B36000A04755 /* UrlLabel.m */,
			);
			path = SmoothMousePrefPane;
			sourceTree = "<group>";
		};
		ED0E122114D5495F008704EC /* Supporting Files */ = {
			isa = PBXGroup;
			children = (
				03D020BC1631D0DA00CD04C1 /* Credits.rtf */,
				03BA20FF161F757D0014A74E /* dsa_pub.pem */,
				ED0E120714D54950008704EC /* InfoPlist.strings */,
				ED0E122314D5495F008704EC /* InfoPlist.strings */,
				ED0E120A14D54950008704EC /* SmoothMouseKext-Prefix.pch */,
				ED0E122214D5495F008704EC /* SmoothMousePrefPane-Info.plist */,
				ED0E122614D5495F008704EC /* SmoothMousePrefPane-Prefix.pch */,
				ED13219814D6713200D07CC3 /* SmoothMousePrefPane.xib */,
				03D020D41631F22A00CD04C1 /* uninstall.sh */,
			);
			name = "Supporting Files";
			sourceTree = "<group>";
		};
		ED0E123B14D5496F008704EC /* smoothmoused */ = {
			isa = PBXGroup;
			children = (
				0356EAEB162F4387001C371E /* accel_util.h */,
				0356EAE8162F436B001C371E /* accel_util.m */,
				ED0E123C14D5496F008704EC /* daemon.m */,
				036C5436160F50D300110497 /* debug.h */,
				036C5433160F50C600110497 /* debug.m */,
				ED0E123E14D5496F008704EC /* Supporting Files */,
			);
			path = smoothmoused;
			sourceTree = "<group>";
		};
		ED0E123E14D5496F008704EC /* Supporting Files */ = {
			isa = PBXGroup;
			children = (
				ED0E123F14D5496F008704EC /* smoothmoused-Prefix.pch */,
			);
			name = "Supporting Files";
			sourceTree = "<group>";
		};
/* End PBXGroup section */

/* Begin PBXHeadersBuildPhase section */
		ED0E121414D5495F008704EC /* Headers */ = {
			isa = PBXHeadersBuildPhase;
			buildActionMask = 2147483647;
			files = (
				ED0E122814D5495F008704EC /* SmoothMousePrefPane.h in Headers */,
				031386A91628B36000A04755 /* UrlLabel.h in Headers */,
			);
			runOnlyForDeploymentPostprocessing = 0;
		};
/* End PBXHeadersBuildPhase section */

/* Begin PBXNativeTarget section */
		03DB20BE1620CB5900CF4299 /* SmoothMouseUpdater */ = {
			isa = PBXNativeTarget;
			buildConfigurationList = 03DB20E81620CB5A00CF4299 /* Build configuration list for PBXNativeTarget "SmoothMouseUpdater" */;
			buildPhases = (
				03DB20BB1620CB5900CF4299 /* Sources */,
				03DB20BC1620CB5900CF4299 /* Frameworks */,
				03DB20BD1620CB5900CF4299 /* Resources */,
				03DB20EF1620D17E00CF4299 /* CopyFiles */,
			);
			buildRules = (
			);
			dependencies = (
			);
			name = SmoothMouseUpdater;
			productName = SmoothMouseUpdater;
			productReference = 03DB20BF1620CB5900CF4299 /* SmoothMouseUpdater.app */;
			productType = "com.apple.product-type.application";
		};
		ED0E121714D5495F008704EC /* SmoothMousePrefPane */ = {
			isa = PBXNativeTarget;
			buildConfigurationList = ED0E123014D5495F008704EC /* Build configuration list for PBXNativeTarget "SmoothMousePrefPane" */;
			buildPhases = (
				ED0E121214D5495F008704EC /* Sources */,
				ED0E121314D5495F008704EC /* Frameworks */,
				ED0E121414D5495F008704EC /* Headers */,
				ED0E121514D5495F008704EC /* Resources */,
				ED0E121614D5495F008704EC /* Rez */,
			);
			buildRules = (
			);
			dependencies = (
			);
			name = SmoothMousePrefPane;
			productName = SmoothMousePrefPane;
			productReference = ED0E121814D5495F008704EC /* SmoothMouse.prefPane */;
			productType = "com.apple.product-type.bundle";
		};
		ED0E123614D5496E008704EC /* smoothmoused */ = {
			isa = PBXNativeTarget;
			buildConfigurationList = ED0E124114D5496F008704EC /* Build configuration list for PBXNativeTarget "smoothmoused" */;
			buildPhases = (
				ED0E123314D5496E008704EC /* Sources */,
				ED0E123414D5496E008704EC /* Frameworks */,
				ED0E123514D5496E008704EC /* CopyFiles */,
				03DB20161620BD2900CF4299 /* CopyFiles */,
			);
			buildRules = (
			);
			dependencies = (
			);
			name = smoothmoused;
			productName = smoothmoused;
			productReference = ED0E123714D5496E008704EC /* smoothmoused */;
			productType = "com.apple.product-type.tool";
		};
/* End PBXNativeTarget section */

/* Begin PBXProject section */
		ED0E11F214D5493A008704EC /* Project object */ = {
			isa = PBXProject;
			attributes = {
				LastUpgradeCheck = 0430;
			};
			buildConfigurationList = ED0E11F514D5493A008704EC /* Build configuration list for PBXProject "SmoothMouse" */;
			compatibilityVersion = "Xcode 3.2";
			developmentRegion = English;
			hasScannedForEncodings = 0;
			knownRegions = (
				en,
			);
			mainGroup = ED0E11F014D5493A008704EC;
			productRefGroup = ED0E120014D54950008704EC /* Products */;
			projectDirPath = "";
			projectRoot = "";
			targets = (
				ED0E121714D5495F008704EC /* SmoothMousePrefPane */,
				ED0E123614D5496E008704EC /* smoothmoused */,
				03DB20BE1620CB5900CF4299 /* SmoothMouseUpdater */,
				03DB20FB1621798800CF4299 /* SmoothMouseBuild */,
			);
		};
/* End PBXProject section */

/* Begin PBXResourcesBuildPhase section */
		03DB20BD1620CB5900CF4299 /* Resources */ = {
			isa = PBXResourcesBuildPhase;
			buildActionMask = 2147483647;
			files = (
				03DB20C71620CB5900CF4299 /* InfoPlist.strings in Resources */,
				03DB20CD1620CB5900CF4299 /* Credits.rtf in Resources */,
			);
			runOnlyForDeploymentPostprocessing = 0;
		};
		ED0E121514D5495F008704EC /* Resources */ = {
			isa = PBXResourcesBuildPhase;
			buildActionMask = 2147483647;
			files = (
				034215B41631F2BA0047E370 /* uninstall.sh in Resources */,
				ED0E122514D5495F008704EC /* InfoPlist.strings in Resources */,
				ED13219A14D6713200D07CC3 /* SmoothMousePrefPane.xib in Resources */,
				ED13219C14D6721800D07CC3 /* SmoothMousePrefPane.icns in Resources */,
				03BA2100161F757D0014A74E /* dsa_pub.pem in Resources */,
				03D020BD1631D0DA00CD04C1 /* Credits.rtf in Resources */,
			);
			runOnlyForDeploymentPostprocessing = 0;
		};
/* End PBXResourcesBuildPhase section */

/* Begin PBXRezBuildPhase section */
		ED0E121614D5495F008704EC /* Rez */ = {
			isa = PBXRezBuildPhase;
			buildActionMask = 2147483647;
			files = (
			);
			runOnlyForDeploymentPostprocessing = 0;
		};
/* End PBXRezBuildPhase section */

/* Begin PBXShellScriptBuildPhase section */
		03DB2105162179A600CF4299 /* ShellScript */ = {
			isa = PBXShellScriptBuildPhase;
			buildActionMask = 2147483647;
			files = (
			);
			inputPaths = (
			);
			outputPaths = (
			);
			runOnlyForDeploymentPostprocessing = 0;
			shellPath = /bin/sh;
			shellScript = "mv ${BUILT_PRODUCTS_DIR}/smoothmoused ${BUILT_PRODUCTS_DIR}/SmoothMouse.prefPane/Contents/MacOS/\nrm -rf ${BUILT_PRODUCTS_DIR}/SmoothMouse.prefPane/Contents/SmoothMouseUpdater.app\nmv ${BUILT_PRODUCTS_DIR}/SmoothMouseUpdater.app ${BUILT_PRODUCTS_DIR}/SmoothMouse.prefPane/Contents/\n#sudo rm -rf /Library/PreferencePanes/SmoothMouse.prefPane\n#sudo mv SmoothMouse.prefPane /Library/PreferencePanes/\n";
		};
/* End PBXShellScriptBuildPhase section */

/* Begin PBXSourcesBuildPhase section */
		03DB20BB1620CB5900CF4299 /* Sources */ = {
			isa = PBXSourcesBuildPhase;
			buildActionMask = 2147483647;
			files = (
				03DB20C91620CB5900CF4299 /* main.m in Sources */,
				03DB20D01620CB5900CF4299 /* AppDelegate.m in Sources */,
			);
			runOnlyForDeploymentPostprocessing = 0;
		};
		ED0E121214D5495F008704EC /* Sources */ = {
			isa = PBXSourcesBuildPhase;
			buildActionMask = 2147483647;
			files = (
				ED0E122A14D5495F008704EC /* SmoothMousePrefPane.m in Sources */,
				031386AA1628B36000A04755 /* UrlLabel.m in Sources */,
			);
			runOnlyForDeploymentPostprocessing = 0;
		};
		ED0E123314D5496E008704EC /* Sources */ = {
			isa = PBXSourcesBuildPhase;
			buildActionMask = 2147483647;
			files = (
				ED0E123D14D5496F008704EC /* daemon.m in Sources */,
				036C5434160F50C600110497 /* debug.m in Sources */,
				0356EAE9162F436B001C371E /* accel_util.m in Sources */,
			);
			runOnlyForDeploymentPostprocessing = 0;
		};
/* End PBXSourcesBuildPhase section */

/* Begin PBXTargetDependency section */
		03DB21001621799400CF4299 /* PBXTargetDependency */ = {
			isa = PBXTargetDependency;
			target = ED0E121714D5495F008704EC /* SmoothMousePrefPane */;
			targetProxy = 03DB20FF1621799400CF4299 /* PBXContainerItemProxy */;
		};
		03DB21021621799600CF4299 /* PBXTargetDependency */ = {
			isa = PBXTargetDependency;
			target = ED0E123614D5496E008704EC /* smoothmoused */;
			targetProxy = 03DB21011621799600CF4299 /* PBXContainerItemProxy */;
		};
		03DB21041621799700CF4299 /* PBXTargetDependency */ = {
			isa = PBXTargetDependency;
			target = 03DB20BE1620CB5900CF4299 /* SmoothMouseUpdater */;
			targetProxy = 03DB21031621799700CF4299 /* PBXContainerItemProxy */;
		};
/* End PBXTargetDependency section */

/* Begin PBXVariantGroup section */
		03DB20C51620CB5900CF4299 /* InfoPlist.strings */ = {
			isa = PBXVariantGroup;
			children = (
				03DB20C61620CB5900CF4299 /* en */,
			);
			name = InfoPlist.strings;
			sourceTree = "<group>";
		};
		03DB20CB1620CB5900CF4299 /* Credits.rtf */ = {
			isa = PBXVariantGroup;
			children = (
				03DB20CC1620CB5900CF4299 /* en */,
			);
			name = Credits.rtf;
			sourceTree = "<group>";
		};
		ED0E120714D54950008704EC /* InfoPlist.strings */ = {
			isa = PBXVariantGroup;
			children = (
				ED0E120814D54950008704EC /* en */,
			);
			name = InfoPlist.strings;
			path = ../SmoothMouseKext;
			sourceTree = "<group>";
		};
		ED0E122314D5495F008704EC /* InfoPlist.strings */ = {
			isa = PBXVariantGroup;
			children = (
				ED0E122414D5495F008704EC /* en */,
			);
			name = InfoPlist.strings;
			sourceTree = "<group>";
		};
		ED13219814D6713200D07CC3 /* SmoothMousePrefPane.xib */ = {
			isa = PBXVariantGroup;
			children = (
				ED13219914D6713200D07CC3 /* en */,
			);
			name = SmoothMousePrefPane.xib;
			path = ../SmoothMouseKext;
			sourceTree = "<group>";
		};
/* End PBXVariantGroup section */

/* Begin XCBuildConfiguration section */
		03DB20E91620CB5A00CF4299 /* Debug */ = {
			isa = XCBuildConfiguration;
			buildSettings = {
				ALWAYS_SEARCH_USER_PATHS = NO;
				ARCHS = "$(ARCHS_STANDARD_64_BIT)";
				CLANG_CXX_LANGUAGE_STANDARD = "gnu++0x";
				CLANG_ENABLE_OBJC_ARC = YES;
				CLANG_WARN__DUPLICATE_METHOD_MATCH = YES;
				COMBINE_HIDPI_IMAGES = YES;
				COPY_PHASE_STRIP = NO;
				FRAMEWORK_SEARCH_PATHS = (
					"$(inherited)",
					"\"$(SRCROOT)/Dependencies\"",
				);
				GCC_C_LANGUAGE_STANDARD = gnu99;
				GCC_DYNAMIC_NO_PIC = NO;
				GCC_ENABLE_OBJC_EXCEPTIONS = YES;
				GCC_OPTIMIZATION_LEVEL = 0;
				GCC_PRECOMPILE_PREFIX_HEADER = YES;
				GCC_PREFIX_HEADER = "SmoothMouseUpdater/SmoothMouseUpdater-Prefix.pch";
				GCC_PREPROCESSOR_DEFINITIONS = (
					"DEBUG=1",
					"$(inherited)",
				);
				GCC_SYMBOLS_PRIVATE_EXTERN = NO;
				GCC_WARN_64_TO_32_BIT_CONVERSION = YES;
				GCC_WARN_ABOUT_RETURN_TYPE = YES;
				GCC_WARN_UNINITIALIZED_AUTOS = YES;
				GCC_WARN_UNUSED_VARIABLE = YES;
				INFOPLIST_FILE = "SmoothMouseUpdater/SmoothMouseUpdater-Info.plist";
				MACOSX_DEPLOYMENT_TARGET = 10.7;
				ONLY_ACTIVE_ARCH = YES;
				PRODUCT_NAME = "$(TARGET_NAME)";
				SDKROOT = macosx10.7;
				WRAPPER_EXTENSION = app;
			};
			name = Debug;
		};
		03DB20EA1620CB5A00CF4299 /* Release */ = {
			isa = XCBuildConfiguration;
			buildSettings = {
				ALWAYS_SEARCH_USER_PATHS = NO;
				ARCHS = "$(ARCHS_STANDARD_64_BIT)";
				CLANG_CXX_LANGUAGE_STANDARD = "gnu++0x";
				CLANG_ENABLE_OBJC_ARC = YES;
				CLANG_WARN__DUPLICATE_METHOD_MATCH = YES;
				COMBINE_HIDPI_IMAGES = YES;
				COPY_PHASE_STRIP = YES;
				DEBUG_INFORMATION_FORMAT = "dwarf-with-dsym";
				FRAMEWORK_SEARCH_PATHS = (
					"$(inherited)",
					"\"$(SRCROOT)/Dependencies\"",
				);
				GCC_C_LANGUAGE_STANDARD = gnu99;
				GCC_ENABLE_OBJC_EXCEPTIONS = YES;
				GCC_PRECOMPILE_PREFIX_HEADER = YES;
				GCC_PREFIX_HEADER = "SmoothMouseUpdater/SmoothMouseUpdater-Prefix.pch";
				GCC_WARN_64_TO_32_BIT_CONVERSION = YES;
				GCC_WARN_ABOUT_RETURN_TYPE = YES;
				GCC_WARN_UNINITIALIZED_AUTOS = YES;
				GCC_WARN_UNUSED_VARIABLE = YES;
				INFOPLIST_FILE = "SmoothMouseUpdater/SmoothMouseUpdater-Info.plist";
				MACOSX_DEPLOYMENT_TARGET = 10.7;
				PRODUCT_NAME = "$(TARGET_NAME)";
				SDKROOT = macosx10.7;
				WRAPPER_EXTENSION = app;
			};
			name = Release;
		};
		03DB20FD1621798800CF4299 /* Debug */ = {
			isa = XCBuildConfiguration;
			buildSettings = {
				PRODUCT_NAME = "$(TARGET_NAME)";
			};
			name = Debug;
		};
		03DB20FE1621798800CF4299 /* Release */ = {
			isa = XCBuildConfiguration;
			buildSettings = {
				PRODUCT_NAME = "$(TARGET_NAME)";
			};
			name = Release;
		};
		ED0E11F714D5493A008704EC /* Debug */ = {
			isa = XCBuildConfiguration;
			buildSettings = {
			};
			name = Debug;
		};
		ED0E11F814D5493A008704EC /* Release */ = {
			isa = XCBuildConfiguration;
			buildSettings = {
			};
			name = Release;
		};
		ED0E123114D5495F008704EC /* Debug */ = {
			isa = XCBuildConfiguration;
			buildSettings = {
				ALWAYS_SEARCH_USER_PATHS = NO;
				ARCHS = "$(ARCHS_STANDARD_32_64_BIT)";
				COPY_PHASE_STRIP = NO;
				FRAMEWORK_SEARCH_PATHS = "$(inherited)";
				GCC_C_LANGUAGE_STANDARD = gnu99;
				GCC_DYNAMIC_NO_PIC = NO;
				GCC_ENABLE_OBJC_EXCEPTIONS = YES;
				GCC_ENABLE_OBJC_GC = supported;
				GCC_OPTIMIZATION_LEVEL = 0;
				GCC_PRECOMPILE_PREFIX_HEADER = YES;
				GCC_PREFIX_HEADER = "SmoothMousePrefPane/SmoothMousePrefPane-Prefix.pch";
				GCC_PREPROCESSOR_DEFINITIONS = DEBUG;
				GCC_SYMBOLS_PRIVATE_EXTERN = NO;
				GCC_VERSION = com.apple.compilers.llvm.clang.1_0;
				GCC_WARN_64_TO_32_BIT_CONVERSION = YES;
				GCC_WARN_ABOUT_RETURN_TYPE = YES;
				GCC_WARN_UNUSED_VARIABLE = YES;
				INFOPLIST_FILE = "SmoothMousePrefPane/SmoothMousePrefPane-Info.plist";
				INSTALL_PATH = "$(HOME)/Library/PreferencePanes";
				LIBRARY_SEARCH_PATHS = (
					"$(inherited)",
					"\"$(SDKROOT)/usr/lib/system\"",
				);
				MACOSX_DEPLOYMENT_TARGET = 10.7;
				ONLY_ACTIVE_ARCH = YES;
				PRODUCT_NAME = SmoothMouse;
				SDKROOT = macosx10.7;
				WRAPPER_EXTENSION = prefPane;
			};
			name = Debug;
		};
		ED0E123214D5495F008704EC /* Release */ = {
			isa = XCBuildConfiguration;
			buildSettings = {
				ALWAYS_SEARCH_USER_PATHS = NO;
				ARCHS = "$(ARCHS_STANDARD_32_64_BIT)";
				COPY_PHASE_STRIP = YES;
				DEBUG_INFORMATION_FORMAT = "dwarf-with-dsym";
				FRAMEWORK_SEARCH_PATHS = "$(inherited)";
				GCC_C_LANGUAGE_STANDARD = gnu99;
				GCC_ENABLE_OBJC_EXCEPTIONS = YES;
				GCC_ENABLE_OBJC_GC = supported;
				GCC_PRECOMPILE_PREFIX_HEADER = YES;
				GCC_PREFIX_HEADER = "SmoothMousePrefPane/SmoothMousePrefPane-Prefix.pch";
				GCC_VERSION = com.apple.compilers.llvm.clang.1_0;
				GCC_WARN_64_TO_32_BIT_CONVERSION = YES;
				GCC_WARN_ABOUT_RETURN_TYPE = YES;
				GCC_WARN_UNUSED_VARIABLE = YES;
				INFOPLIST_FILE = "SmoothMousePrefPane/SmoothMousePrefPane-Info.plist";
				INSTALL_PATH = "$(HOME)/Library/PreferencePanes";
				LIBRARY_SEARCH_PATHS = (
					"$(inherited)",
					"\"$(SDKROOT)/usr/lib/system\"",
				);
				MACOSX_DEPLOYMENT_TARGET = 10.7;
				PRODUCT_NAME = SmoothMouse;
				SDKROOT = macosx10.7;
				WRAPPER_EXTENSION = prefPane;
			};
			name = Release;
		};
		ED0E124214D5496F008704EC /* Debug */ = {
			isa = XCBuildConfiguration;
			buildSettings = {
				ALWAYS_SEARCH_USER_PATHS = NO;
				ARCHS = "$(ARCHS_STANDARD_32_64_BIT)";
				COPY_PHASE_STRIP = NO;
				FRAMEWORK_SEARCH_PATHS = "$(inherited)";
				GCC_C_LANGUAGE_STANDARD = gnu99;
				GCC_DYNAMIC_NO_PIC = NO;
				GCC_ENABLE_OBJC_EXCEPTIONS = YES;
				GCC_OPTIMIZATION_LEVEL = 0;
				GCC_PRECOMPILE_PREFIX_HEADER = YES;
				GCC_PREFIX_HEADER = "smoothmoused/smoothmoused-Prefix.pch";
				GCC_PREPROCESSOR_DEFINITIONS = DEBUG;
				GCC_SYMBOLS_PRIVATE_EXTERN = NO;
				GCC_VERSION = com.apple.compilers.llvm.clang.1_0;
				GCC_WARN_64_TO_32_BIT_CONVERSION = YES;
				GCC_WARN_ABOUT_RETURN_TYPE = YES;
				GCC_WARN_UNUSED_VARIABLE = YES;
				INSTALL_PATH = /usr/bin;
				MACOSX_DEPLOYMENT_TARGET = 10.7;
				ONLY_ACTIVE_ARCH = YES;
				PRODUCT_NAME = "$(TARGET_NAME)";
				SDKROOT = macosx10.7;
			};
			name = Debug;
		};
		ED0E124314D5496F008704EC /* Release */ = {
			isa = XCBuildConfiguration;
			buildSettings = {
				ALWAYS_SEARCH_USER_PATHS = NO;
				ARCHS = "$(ARCHS_STANDARD_32_64_BIT)";
				COPY_PHASE_STRIP = YES;
				DEBUG_INFORMATION_FORMAT = "dwarf-with-dsym";
				FRAMEWORK_SEARCH_PATHS = "$(inherited)";
				GCC_C_LANGUAGE_STANDARD = gnu99;
				GCC_ENABLE_OBJC_EXCEPTIONS = YES;
				GCC_PRECOMPILE_PREFIX_HEADER = YES;
				GCC_PREFIX_HEADER = "smoothmoused/smoothmoused-Prefix.pch";
				GCC_VERSION = com.apple.compilers.llvm.clang.1_0;
				GCC_WARN_64_TO_32_BIT_CONVERSION = YES;
				GCC_WARN_ABOUT_RETURN_TYPE = YES;
				GCC_WARN_UNUSED_VARIABLE = YES;
				INSTALL_PATH = /usr/bin;
				MACOSX_DEPLOYMENT_TARGET = 10.7;
				PRODUCT_NAME = "$(TARGET_NAME)";
				SDKROOT = macosx10.7;
			};
			name = Release;
		};
/* End XCBuildConfiguration section */

/* Begin XCConfigurationList section */
		03DB20E81620CB5A00CF4299 /* Build configuration list for PBXNativeTarget "SmoothMouseUpdater" */ = {
			isa = XCConfigurationList;
			buildConfigurations = (
				03DB20E91620CB5A00CF4299 /* Debug */,
				03DB20EA1620CB5A00CF4299 /* Release */,
			);
			defaultConfigurationIsVisible = 0;
			defaultConfigurationName = Release;
		};
		03DB20FC1621798800CF4299 /* Build configuration list for PBXAggregateTarget "SmoothMouseBuild" */ = {
			isa = XCConfigurationList;
			buildConfigurations = (
				03DB20FD1621798800CF4299 /* Debug */,
				03DB20FE1621798800CF4299 /* Release */,
			);
			defaultConfigurationIsVisible = 0;
			defaultConfigurationName = Release;
		};
		ED0E11F514D5493A008704EC /* Build configuration list for PBXProject "SmoothMouse" */ = {
			isa = XCConfigurationList;
			buildConfigurations = (
				ED0E11F714D5493A008704EC /* Debug */,
				ED0E11F814D5493A008704EC /* Release */,
			);
			defaultConfigurationIsVisible = 0;
			defaultConfigurationName = Release;
		};
		ED0E123014D5495F008704EC /* Build configuration list for PBXNativeTarget "SmoothMousePrefPane" */ = {
			isa = XCConfigurationList;
			buildConfigurations = (
				ED0E123114D5495F008704EC /* Debug */,
				ED0E123214D5495F008704EC /* Release */,
			);
			defaultConfigurationIsVisible = 0;
			defaultConfigurationName = Release;
		};
		ED0E124114D5496F008704EC /* Build configuration list for PBXNativeTarget "smoothmoused" */ = {
			isa = XCConfigurationList;
			buildConfigurations = (
				ED0E124214D5496F008704EC /* Debug */,
				ED0E124314D5496F008704EC /* Release */,
			);
			defaultConfigurationIsVisible = 0;
			defaultConfigurationName = Release;
		};
/* End XCConfigurationList section */
	};
	rootObject = ED0E11F214D5493A008704EC /* Project object */;
}
